// !$*UTF8*$!
{
	archiveVersion = 1;
	classes = {
	};
	objectVersion = 56;
	objects = {

/* Begin PBXBuildFile section */
		112003D12AE574FB00924FAB /* LottieManager.swift in Sources */ = {isa = PBXBuildFile; fileRef = 112003D02AE574FB00924FAB /* LottieManager.swift */; };
		112003D42AE5752300924FAB /* Lottie in Frameworks */ = {isa = PBXBuildFile; productRef = 112003D32AE5752300924FAB /* Lottie */; };
		112003D82AE5792600924FAB /* TigerAnimationViewController.swift in Sources */ = {isa = PBXBuildFile; fileRef = 112003D72AE5792600924FAB /* TigerAnimationViewController.swift */; };
		1143C6832AF4D6440032CE53 /* MyBookShelfViewController.swift in Sources */ = {isa = PBXBuildFile; fileRef = 1143C6822AF4D6440032CE53 /* MyBookShelfViewController.swift */; };
		1143C6882AF6A31F0032CE53 /* StoryListTableView.swift in Sources */ = {isa = PBXBuildFile; fileRef = 1143C6872AF6A31F0032CE53 /* StoryListTableView.swift */; };
		1143C68C2AF6B01E0032CE53 /* StoryListTableViewCell.swift in Sources */ = {isa = PBXBuildFile; fileRef = 1143C68B2AF6B01E0032CE53 /* StoryListTableViewCell.swift */; };
		1143C6952AF6F3760032CE53 /* YugwaCollectionView.swift in Sources */ = {isa = PBXBuildFile; fileRef = 1143C6942AF6F3760032CE53 /* YugwaCollectionView.swift */; };
		1143C6C42AFB829F0032CE53 /* SunAndMoonIntroViewController.swift in Sources */ = {isa = PBXBuildFile; fileRef = 1143C6C32AFB829F0032CE53 /* SunAndMoonIntroViewController.swift */; };
		11504B0A2AE57DE900AED5C0 /* TigerLottieAnimationVIew.swift in Sources */ = {isa = PBXBuildFile; fileRef = 11504B092AE57DE900AED5C0 /* TigerLottieAnimationVIew.swift */; };
		116A95362ADF72570096760A /* Pretendard-Black.otf in Resources */ = {isa = PBXBuildFile; fileRef = 116A952D2ADF72550096760A /* Pretendard-Black.otf */; };
		116A95372ADF72570096760A /* Pretendard-Black.otf in Resources */ = {isa = PBXBuildFile; fileRef = 116A952D2ADF72550096760A /* Pretendard-Black.otf */; };
		116A95382ADF72570096760A /* Pretendard-Black.otf in Resources */ = {isa = PBXBuildFile; fileRef = 116A952D2ADF72550096760A /* Pretendard-Black.otf */; };
		116A95392ADF72570096760A /* Pretendard-SemiBold.otf in Resources */ = {isa = PBXBuildFile; fileRef = 116A952E2ADF72560096760A /* Pretendard-SemiBold.otf */; };
		116A953A2ADF72570096760A /* Pretendard-SemiBold.otf in Resources */ = {isa = PBXBuildFile; fileRef = 116A952E2ADF72560096760A /* Pretendard-SemiBold.otf */; };
		116A953B2ADF72570096760A /* Pretendard-SemiBold.otf in Resources */ = {isa = PBXBuildFile; fileRef = 116A952E2ADF72560096760A /* Pretendard-SemiBold.otf */; };
		116A953C2ADF72570096760A /* Pretendard-Medium.otf in Resources */ = {isa = PBXBuildFile; fileRef = 116A952F2ADF72560096760A /* Pretendard-Medium.otf */; };
		116A953D2ADF72570096760A /* Pretendard-Medium.otf in Resources */ = {isa = PBXBuildFile; fileRef = 116A952F2ADF72560096760A /* Pretendard-Medium.otf */; };
		116A953E2ADF72570096760A /* Pretendard-Medium.otf in Resources */ = {isa = PBXBuildFile; fileRef = 116A952F2ADF72560096760A /* Pretendard-Medium.otf */; };
		116A953F2ADF72570096760A /* Pretendard-ExtraBold.otf in Resources */ = {isa = PBXBuildFile; fileRef = 116A95302ADF72560096760A /* Pretendard-ExtraBold.otf */; };
		116A95402ADF72570096760A /* Pretendard-ExtraBold.otf in Resources */ = {isa = PBXBuildFile; fileRef = 116A95302ADF72560096760A /* Pretendard-ExtraBold.otf */; };
		116A95412ADF72570096760A /* Pretendard-ExtraBold.otf in Resources */ = {isa = PBXBuildFile; fileRef = 116A95302ADF72560096760A /* Pretendard-ExtraBold.otf */; };
		116A95422ADF72570096760A /* Pretendard-Bold.otf in Resources */ = {isa = PBXBuildFile; fileRef = 116A95312ADF72560096760A /* Pretendard-Bold.otf */; };
		116A95432ADF72570096760A /* Pretendard-Bold.otf in Resources */ = {isa = PBXBuildFile; fileRef = 116A95312ADF72560096760A /* Pretendard-Bold.otf */; };
		116A95442ADF72570096760A /* Pretendard-Bold.otf in Resources */ = {isa = PBXBuildFile; fileRef = 116A95312ADF72560096760A /* Pretendard-Bold.otf */; };
		116A95452ADF72570096760A /* Pretendard-ExtraLight.otf in Resources */ = {isa = PBXBuildFile; fileRef = 116A95322ADF72560096760A /* Pretendard-ExtraLight.otf */; };
		116A95462ADF72570096760A /* Pretendard-ExtraLight.otf in Resources */ = {isa = PBXBuildFile; fileRef = 116A95322ADF72560096760A /* Pretendard-ExtraLight.otf */; };
		116A95472ADF72570096760A /* Pretendard-ExtraLight.otf in Resources */ = {isa = PBXBuildFile; fileRef = 116A95322ADF72560096760A /* Pretendard-ExtraLight.otf */; };
		116A95482ADF72570096760A /* Pretendard-Regular.otf in Resources */ = {isa = PBXBuildFile; fileRef = 116A95332ADF72560096760A /* Pretendard-Regular.otf */; };
		116A95492ADF72570096760A /* Pretendard-Regular.otf in Resources */ = {isa = PBXBuildFile; fileRef = 116A95332ADF72560096760A /* Pretendard-Regular.otf */; };
		116A954A2ADF72570096760A /* Pretendard-Regular.otf in Resources */ = {isa = PBXBuildFile; fileRef = 116A95332ADF72560096760A /* Pretendard-Regular.otf */; };
		116A954B2ADF72570096760A /* Pretendard-Thin.otf in Resources */ = {isa = PBXBuildFile; fileRef = 116A95342ADF72560096760A /* Pretendard-Thin.otf */; };
		116A954C2ADF72570096760A /* Pretendard-Thin.otf in Resources */ = {isa = PBXBuildFile; fileRef = 116A95342ADF72560096760A /* Pretendard-Thin.otf */; };
		116A954D2ADF72570096760A /* Pretendard-Thin.otf in Resources */ = {isa = PBXBuildFile; fileRef = 116A95342ADF72560096760A /* Pretendard-Thin.otf */; };
		116A954E2ADF72570096760A /* Pretendard-Light.otf in Resources */ = {isa = PBXBuildFile; fileRef = 116A95352ADF72560096760A /* Pretendard-Light.otf */; };
		116A954F2ADF72570096760A /* Pretendard-Light.otf in Resources */ = {isa = PBXBuildFile; fileRef = 116A95352ADF72560096760A /* Pretendard-Light.otf */; };
		116A95502ADF72570096760A /* Pretendard-Light.otf in Resources */ = {isa = PBXBuildFile; fileRef = 116A95352ADF72560096760A /* Pretendard-Light.otf */; };
		116A95532ADF72AB0096760A /* FontManager.swift in Sources */ = {isa = PBXBuildFile; fileRef = 116A95522ADF72AB0096760A /* FontManager.swift */; };
		116A95542ADF72AB0096760A /* FontManager.swift in Sources */ = {isa = PBXBuildFile; fileRef = 116A95522ADF72AB0096760A /* FontManager.swift */; };
		116A95552ADF72AB0096760A /* FontManager.swift in Sources */ = {isa = PBXBuildFile; fileRef = 116A95522ADF72AB0096760A /* FontManager.swift */; };
		117D27862B074C5D00AF22B3 /* OnuiAnimation_Fixed.json in Resources */ = {isa = PBXBuildFile; fileRef = 117D27852B074C5D00AF22B3 /* OnuiAnimation_Fixed.json */; };
		117D27892B0CCE9200AF22B3 /* UIViewController+.swift in Sources */ = {isa = PBXBuildFile; fileRef = 117D27882B0CCE9200AF22B3 /* UIViewController+.swift */; };
		1186768E2AE664290012FAFC /* TigerAnimation_HD.json in Resources */ = {isa = PBXBuildFile; fileRef = 1186768D2AE664290012FAFC /* TigerAnimation_HD.json */; };
		11CB85D82B069046008BA135 /* OnuiAnimation.json in Resources */ = {isa = PBXBuildFile; fileRef = 11CB85D72B069046008BA135 /* OnuiAnimation.json */; };
		11CD0EDC2AFD56B800911B64 /* TigerEncountView.swift in Sources */ = {isa = PBXBuildFile; fileRef = 11CD0EDB2AFD56B800911B64 /* TigerEncountView.swift */; };
		11CD0EDF2AFD56D500911B64 /* TigerEncountViewController.swift in Sources */ = {isa = PBXBuildFile; fileRef = 11CD0EDE2AFD56D500911B64 /* TigerEncountViewController.swift */; };
		11CD0EE72AFE031400911B64 /* IfConceptViewController.swift in Sources */ = {isa = PBXBuildFile; fileRef = 11CD0EE62AFE031400911B64 /* IfConceptViewController.swift */; };
		670D34D62AF4D0FD00B81A06 /* WindowStartViewController.swift in Sources */ = {isa = PBXBuildFile; fileRef = 670D34D52AF4D0FD00B81A06 /* WindowStartViewController.swift */; };
		670E09A22AFCAF81008AA6D5 /* WindowVoiceViewController.swift in Sources */ = {isa = PBXBuildFile; fileRef = 670E09A12AFCAF81008AA6D5 /* WindowVoiceViewController.swift */; };
		670E09A42AFD4540008AA6D5 /* WindowVoiceChildViewController.swift in Sources */ = {isa = PBXBuildFile; fileRef = 670E09A32AFD4540008AA6D5 /* WindowVoiceChildViewController.swift */; };
		672C12012AF8757E0064AA64 /* WindowHoleViewController.swift in Sources */ = {isa = PBXBuildFile; fileRef = 672C12002AF8757E0064AA64 /* WindowHoleViewController.swift */; };
		67816A4A2AE26FEF00B121B6 /* GiveTtekkViewController.swift in Sources */ = {isa = PBXBuildFile; fileRef = 67816A492AE26FEF00B121B6 /* GiveTtekkViewController.swift */; };
		67BAECE92AFFFFC0006FB6D3 /* TigerTailHoleAnimation.json in Resources */ = {isa = PBXBuildFile; fileRef = 67BAECE62AFFFFC0006FB6D3 /* TigerTailHoleAnimation.json */; };
		67BAECEA2AFFFFC0006FB6D3 /* TigerNoseHoleAnimation.json in Resources */ = {isa = PBXBuildFile; fileRef = 67BAECE72AFFFFC0006FB6D3 /* TigerNoseHoleAnimation.json */; };
		67BAECEB2AFFFFC0006FB6D3 /* TigerHandHoleAnimation.json in Resources */ = {isa = PBXBuildFile; fileRef = 67BAECE82AFFFFC0006FB6D3 /* TigerHandHoleAnimation.json */; };
		67BAECF12B000446006FB6D3 /* TigerHandHoleAnimationView.swift in Sources */ = {isa = PBXBuildFile; fileRef = 67BAECF02B000446006FB6D3 /* TigerHandHoleAnimationView.swift */; };
		67BAECF52B0015BF006FB6D3 /* TigerNoseHoleAnimationView.swift in Sources */ = {isa = PBXBuildFile; fileRef = 67BAECF42B0015BF006FB6D3 /* TigerNoseHoleAnimationView.swift */; };
		67BAECF72B0015F2006FB6D3 /* TigerTailHoleAnimationView.swift in Sources */ = {isa = PBXBuildFile; fileRef = 67BAECF62B0015F2006FB6D3 /* TigerTailHoleAnimationView.swift */; };
		67BAECF92B001FB0006FB6D3 /* WindowEndingViewController.swift in Sources */ = {isa = PBXBuildFile; fileRef = 67BAECF82B001FB0006FB6D3 /* WindowEndingViewController.swift */; };
		67BAECFD2B0039F8006FB6D3 /* AndConceptViewController.swift in Sources */ = {isa = PBXBuildFile; fileRef = 67BAECFC2B0039F8006FB6D3 /* AndConceptViewController.swift */; };
		67D89CAB2B021AF600EC68E3 /* PermissionManager.swift in Sources */ = {isa = PBXBuildFile; fileRef = 67D89CAA2B021AF600EC68E3 /* PermissionManager.swift */; };
		67E63EFF2ADE67D000C79863 /* UIColor+.swift in Sources */ = {isa = PBXBuildFile; fileRef = 67E63EFE2ADE67D000C79863 /* UIColor+.swift */; };
		A80A05332AFFCA9000624BBC /* OnboardingViewModel.swift in Sources */ = {isa = PBXBuildFile; fileRef = A80A05322AFFCA9000624BBC /* OnboardingViewModel.swift */; };
		A80A05352AFFCE9C00624BBC /* MyBookShelfViewModel.swift in Sources */ = {isa = PBXBuildFile; fileRef = A80A05342AFFCE9C00624BBC /* MyBookShelfViewModel.swift */; };
		A80B88252ADB99CA00091FF5 /* SnapKit in Frameworks */ = {isa = PBXBuildFile; productRef = A80B88242ADB99CA00091FF5 /* SnapKit */; };
		A80B88282ADB9A2400091FF5 /* RxCocoa in Frameworks */ = {isa = PBXBuildFile; productRef = A80B88272ADB9A2400091FF5 /* RxCocoa */; };
		A80B882A2ADB9A2400091FF5 /* RxRelay in Frameworks */ = {isa = PBXBuildFile; productRef = A80B88292ADB9A2400091FF5 /* RxRelay */; };
		A80B883C2ADBA3EC00091FF5 /* .swiftlint.yml in Resources */ = {isa = PBXBuildFile; fileRef = A80B883B2ADBA3EC00091FF5 /* .swiftlint.yml */; };
		A81637242ADFC5FD0070DAC9 /* Constants.swift in Sources */ = {isa = PBXBuildFile; fileRef = A81637232ADFC5FD0070DAC9 /* Constants.swift */; };
		A827FA252B0DB36300E6B7B8 /* CodingdongDBService.swift in Sources */ = {isa = PBXBuildFile; fileRef = A827FA242B0DB36300E6B7B8 /* CodingdongDBService.swift */; };
		A828A66B2AFF05DB00B11D71 /* CardView.swift in Sources */ = {isa = PBXBuildFile; fileRef = A828A66A2AFF05DB00B11D71 /* CardView.swift */; };
		A833929F2ADAB35D009BA7E2 /* AppDelegate.swift in Sources */ = {isa = PBXBuildFile; fileRef = A833929E2ADAB35D009BA7E2 /* AppDelegate.swift */; };
		A83392A12ADAB35D009BA7E2 /* SceneDelegate.swift in Sources */ = {isa = PBXBuildFile; fileRef = A83392A02ADAB35D009BA7E2 /* SceneDelegate.swift */; };
		A83392A82ADAB35E009BA7E2 /* Assets.xcassets in Resources */ = {isa = PBXBuildFile; fileRef = A83392A72ADAB35E009BA7E2 /* Assets.xcassets */; };
		A83392AB2ADAB35E009BA7E2 /* LaunchScreen.storyboard in Resources */ = {isa = PBXBuildFile; fileRef = A83392A92ADAB35E009BA7E2 /* LaunchScreen.storyboard */; };
		A83392B62ADAB35E009BA7E2 /* Codingdong_iOSTests.swift in Sources */ = {isa = PBXBuildFile; fileRef = A83392B52ADAB35E009BA7E2 /* Codingdong_iOSTests.swift */; };
		A83392C02ADAB35E009BA7E2 /* Codingdong_iOSUITests.swift in Sources */ = {isa = PBXBuildFile; fileRef = A83392BF2ADAB35E009BA7E2 /* Codingdong_iOSUITests.swift */; };
		A83392C22ADAB35E009BA7E2 /* Codingdong_iOSUITestsLaunchTests.swift in Sources */ = {isa = PBXBuildFile; fileRef = A83392C12ADAB35E009BA7E2 /* Codingdong_iOSUITestsLaunchTests.swift */; };
		A852B17C2B01F90B0051BE9E /* OnuiiViewController.swift in Sources */ = {isa = PBXBuildFile; fileRef = A852B17B2B01F90B0051BE9E /* OnuiiViewController.swift */; };
		A8560F252B1317EF005DB691 /* Food.swift in Sources */ = {isa = PBXBuildFile; fileRef = A8560F242B1317EF005DB691 /* Food.swift */; };
		A864F00D2AE03FC3007F4012 /* ConfigUI.swift in Sources */ = {isa = PBXBuildFile; fileRef = A864F00C2AE03FC3007F4012 /* ConfigUI.swift */; };
		A864F0132AE041C8007F4012 /* CommonButton.swift in Sources */ = {isa = PBXBuildFile; fileRef = A864F0122AE041C8007F4012 /* CommonButton.swift */; };
		A87217C72AE212C6003C0D5C /* TtekkkochiViewController.swift in Sources */ = {isa = PBXBuildFile; fileRef = A87217C62AE212C6003C0D5C /* TtekkkochiViewController.swift */; };
		A89384582AF9516C00F2DC77 /* Log in Frameworks */ = {isa = PBXBuildFile; productRef = A89384572AF9516C00F2DC77 /* Log */; };
		A897A9752AFF6AC000008722 /* Fable.swift in Sources */ = {isa = PBXBuildFile; fileRef = A897A9742AFF6AC000008722 /* Fable.swift */; };
		A897A9772AFF6FD200008722 /* YugwaCell.swift in Sources */ = {isa = PBXBuildFile; fileRef = A897A9762AFF6FD200008722 /* YugwaCell.swift */; };
		A8A482072AE5E7EB00FDE35C /* bell.mp3 in Resources */ = {isa = PBXBuildFile; fileRef = A8A482062AE5E7EA00FDE35C /* bell.mp3 */; };
		A8A53A102B169010006DD7E3 /* CustomAlert.swift in Sources */ = {isa = PBXBuildFile; fileRef = A8A53A0F2B169010006DD7E3 /* CustomAlert.swift */; };
		A8A725032AE55F7C004840A6 /* TtekkkochiViewModel.swift in Sources */ = {isa = PBXBuildFile; fileRef = A8A725022AE55F7C004840A6 /* TtekkkochiViewModel.swift */; };
		A8A979832B0285E1006A86FB /* TeachingRepeatViewController.swift in Sources */ = {isa = PBXBuildFile; fileRef = A8A979822B0285E1006A86FB /* TeachingRepeatViewController.swift */; };
		A8B10D3E2AFAAE20009EA3F5 /* SplashViewController.swift in Sources */ = {isa = PBXBuildFile; fileRef = A8B10D3D2AFAAE20009EA3F5 /* SplashViewController.swift */; };
		A8B10D432AFAAE88009EA3F5 /* OnboardingViewController.swift in Sources */ = {isa = PBXBuildFile; fileRef = A8B10D422AFAAE88009EA3F5 /* OnboardingViewController.swift */; };
		A8BC0DB22AE3401800AD5C9A /* CodingBlock.swift in Sources */ = {isa = PBXBuildFile; fileRef = A8BC0DB12AE3401800AD5C9A /* CodingBlock.swift */; };
		A8BC0DB72AE3571D00AD5C9A /* TtekkkochiCollectionViewCell.swift in Sources */ = {isa = PBXBuildFile; fileRef = A8BC0DB62AE3571D00AD5C9A /* TtekkkochiCollectionViewCell.swift */; };
		A8BC0DB92AE358BF00AD5C9A /* BasePaddingLabel.swift in Sources */ = {isa = PBXBuildFile; fileRef = A8BC0DB82AE358BF00AD5C9A /* BasePaddingLabel.swift */; };
		A8BC0DBE2AE38FE800AD5C9A /* TtekkkochiSelectionView.swift in Sources */ = {isa = PBXBuildFile; fileRef = A8BC0DBD2AE38FE800AD5C9A /* TtekkkochiSelectionView.swift */; };
		A8BE07F12B00CA7800DD7378 /* SunAndMoonIntroViewModel.swift in Sources */ = {isa = PBXBuildFile; fileRef = A8BE07F02B00CA7800DD7378 /* SunAndMoonIntroViewModel.swift */; };
		A8BE07F32B00DBA700DD7378 /* TigerEncounterViewModel.swift in Sources */ = {isa = PBXBuildFile; fileRef = A8BE07F22B00DBA700DD7378 /* TigerEncounterViewModel.swift */; };
		A8BE07F72B00E4E900DD7378 /* ReviewViewController.swift in Sources */ = {isa = PBXBuildFile; fileRef = A8BE07F62B00E4E900DD7378 /* ReviewViewController.swift */; };
		A8BE07FA2B00EBF100DD7378 /* ReviewCollectionViewCell.swift in Sources */ = {isa = PBXBuildFile; fileRef = A8BE07F92B00EBF100DD7378 /* ReviewCollectionViewCell.swift */; };
		A8BE07FD2B00FECA00DD7378 /* ReviewViewModel.swift in Sources */ = {isa = PBXBuildFile; fileRef = A8BE07FC2B00FECA00DD7378 /* ReviewViewModel.swift */; };
		A8C00F7E2B01FA3500201EAD /* OnuiiViewModel.swift in Sources */ = {isa = PBXBuildFile; fileRef = A8C00F7D2B01FA3500201EAD /* OnuiiViewModel.swift */; };
		A8C00F822B0209E000201EAD /* RepeatConceptViewController.swift in Sources */ = {isa = PBXBuildFile; fileRef = A8C00F812B0209E000201EAD /* RepeatConceptViewController.swift */; };
		A8C00F842B021A8200201EAD /* SunMoonOnuiiViewController.swift in Sources */ = {isa = PBXBuildFile; fileRef = A8C00F832B021A8200201EAD /* SunMoonOnuiiViewController.swift */; };
		A8C966F02B011914005105E8 /* CustomCollectionViewFlowLayout.swift in Sources */ = {isa = PBXBuildFile; fileRef = A8C966EF2B011914005105E8 /* CustomCollectionViewFlowLayout.swift */; };
		A8E47CCA2B03CFB6008428D4 /* RopeViewController.swift in Sources */ = {isa = PBXBuildFile; fileRef = A8E47CC92B03CFB6008428D4 /* RopeViewController.swift */; };
		A8F41D262AE4F94400BB0260 /* SoundManager.swift in Sources */ = {isa = PBXBuildFile; fileRef = A8F41D252AE4F94400BB0260 /* SoundManager.swift */; };
		A8F41D2D2AE4FC4200BB0260 /* piano.wav in Resources */ = {isa = PBXBuildFile; fileRef = A8F41D2C2AE4FC4200BB0260 /* piano.wav */; };
		A8F41D2F2AE5001F00BB0260 /* HapticManager.swift in Sources */ = {isa = PBXBuildFile; fileRef = A8F41D2E2AE5001F00BB0260 /* HapticManager.swift */; };
/* End PBXBuildFile section */

/* Begin PBXContainerItemProxy section */
		A83392B22ADAB35E009BA7E2 /* PBXContainerItemProxy */ = {
			isa = PBXContainerItemProxy;
			containerPortal = A83392932ADAB35D009BA7E2 /* Project object */;
			proxyType = 1;
			remoteGlobalIDString = A833929A2ADAB35D009BA7E2;
			remoteInfo = "Codingdong-iOS";
		};
		A83392BC2ADAB35E009BA7E2 /* PBXContainerItemProxy */ = {
			isa = PBXContainerItemProxy;
			containerPortal = A83392932ADAB35D009BA7E2 /* Project object */;
			proxyType = 1;
			remoteGlobalIDString = A833929A2ADAB35D009BA7E2;
			remoteInfo = "Codingdong-iOS";
		};
/* End PBXContainerItemProxy section */

/* Begin PBXFileReference section */
		112003D02AE574FB00924FAB /* LottieManager.swift */ = {isa = PBXFileReference; lastKnownFileType = sourcecode.swift; path = LottieManager.swift; sourceTree = "<group>"; };
		112003D72AE5792600924FAB /* TigerAnimationViewController.swift */ = {isa = PBXFileReference; lastKnownFileType = sourcecode.swift; path = TigerAnimationViewController.swift; sourceTree = "<group>"; };
		1143C6822AF4D6440032CE53 /* MyBookShelfViewController.swift */ = {isa = PBXFileReference; lastKnownFileType = sourcecode.swift; path = MyBookShelfViewController.swift; sourceTree = "<group>"; };
		1143C6872AF6A31F0032CE53 /* StoryListTableView.swift */ = {isa = PBXFileReference; lastKnownFileType = sourcecode.swift; path = StoryListTableView.swift; sourceTree = "<group>"; };
		1143C68B2AF6B01E0032CE53 /* StoryListTableViewCell.swift */ = {isa = PBXFileReference; lastKnownFileType = sourcecode.swift; path = StoryListTableViewCell.swift; sourceTree = "<group>"; };
		1143C6942AF6F3760032CE53 /* YugwaCollectionView.swift */ = {isa = PBXFileReference; lastKnownFileType = sourcecode.swift; path = YugwaCollectionView.swift; sourceTree = "<group>"; };
		1143C6C32AFB829F0032CE53 /* SunAndMoonIntroViewController.swift */ = {isa = PBXFileReference; lastKnownFileType = sourcecode.swift; path = SunAndMoonIntroViewController.swift; sourceTree = "<group>"; };
		11504B092AE57DE900AED5C0 /* TigerLottieAnimationVIew.swift */ = {isa = PBXFileReference; lastKnownFileType = sourcecode.swift; path = TigerLottieAnimationVIew.swift; sourceTree = "<group>"; };
		116A952D2ADF72550096760A /* Pretendard-Black.otf */ = {isa = PBXFileReference; lastKnownFileType = file; path = "Pretendard-Black.otf"; sourceTree = "<group>"; };
		116A952E2ADF72560096760A /* Pretendard-SemiBold.otf */ = {isa = PBXFileReference; lastKnownFileType = file; path = "Pretendard-SemiBold.otf"; sourceTree = "<group>"; };
		116A952F2ADF72560096760A /* Pretendard-Medium.otf */ = {isa = PBXFileReference; lastKnownFileType = file; path = "Pretendard-Medium.otf"; sourceTree = "<group>"; };
		116A95302ADF72560096760A /* Pretendard-ExtraBold.otf */ = {isa = PBXFileReference; lastKnownFileType = file; path = "Pretendard-ExtraBold.otf"; sourceTree = "<group>"; };
		116A95312ADF72560096760A /* Pretendard-Bold.otf */ = {isa = PBXFileReference; lastKnownFileType = file; path = "Pretendard-Bold.otf"; sourceTree = "<group>"; };
		116A95322ADF72560096760A /* Pretendard-ExtraLight.otf */ = {isa = PBXFileReference; lastKnownFileType = file; path = "Pretendard-ExtraLight.otf"; sourceTree = "<group>"; };
		116A95332ADF72560096760A /* Pretendard-Regular.otf */ = {isa = PBXFileReference; lastKnownFileType = file; path = "Pretendard-Regular.otf"; sourceTree = "<group>"; };
		116A95342ADF72560096760A /* Pretendard-Thin.otf */ = {isa = PBXFileReference; lastKnownFileType = file; path = "Pretendard-Thin.otf"; sourceTree = "<group>"; };
		116A95352ADF72560096760A /* Pretendard-Light.otf */ = {isa = PBXFileReference; lastKnownFileType = file; path = "Pretendard-Light.otf"; sourceTree = "<group>"; };
		116A95522ADF72AB0096760A /* FontManager.swift */ = {isa = PBXFileReference; lastKnownFileType = sourcecode.swift; path = FontManager.swift; sourceTree = "<group>"; };
		117D27852B074C5D00AF22B3 /* OnuiAnimation_Fixed.json */ = {isa = PBXFileReference; fileEncoding = 4; lastKnownFileType = text.json; path = OnuiAnimation_Fixed.json; sourceTree = "<group>"; };
		117D27882B0CCE9200AF22B3 /* UIViewController+.swift */ = {isa = PBXFileReference; lastKnownFileType = sourcecode.swift; path = "UIViewController+.swift"; sourceTree = "<group>"; };
		1186768D2AE664290012FAFC /* TigerAnimation_HD.json */ = {isa = PBXFileReference; fileEncoding = 4; lastKnownFileType = text.json; path = TigerAnimation_HD.json; sourceTree = "<group>"; };
		11CB85D72B069046008BA135 /* OnuiAnimation.json */ = {isa = PBXFileReference; fileEncoding = 4; lastKnownFileType = text.json; path = OnuiAnimation.json; sourceTree = "<group>"; };
		11CD0EDB2AFD56B800911B64 /* TigerEncountView.swift */ = {isa = PBXFileReference; lastKnownFileType = sourcecode.swift; path = TigerEncountView.swift; sourceTree = "<group>"; };
		11CD0EDE2AFD56D500911B64 /* TigerEncountViewController.swift */ = {isa = PBXFileReference; lastKnownFileType = sourcecode.swift; path = TigerEncountViewController.swift; sourceTree = "<group>"; };
		11CD0EE62AFE031400911B64 /* IfConceptViewController.swift */ = {isa = PBXFileReference; lastKnownFileType = sourcecode.swift; path = IfConceptViewController.swift; sourceTree = "<group>"; };
		670D34D52AF4D0FD00B81A06 /* WindowStartViewController.swift */ = {isa = PBXFileReference; lastKnownFileType = sourcecode.swift; path = WindowStartViewController.swift; sourceTree = "<group>"; };
		670E09A12AFCAF81008AA6D5 /* WindowVoiceViewController.swift */ = {isa = PBXFileReference; lastKnownFileType = sourcecode.swift; path = WindowVoiceViewController.swift; sourceTree = "<group>"; };
		670E09A32AFD4540008AA6D5 /* WindowVoiceChildViewController.swift */ = {isa = PBXFileReference; lastKnownFileType = sourcecode.swift; path = WindowVoiceChildViewController.swift; sourceTree = "<group>"; };
		672C12002AF8757E0064AA64 /* WindowHoleViewController.swift */ = {isa = PBXFileReference; lastKnownFileType = sourcecode.swift; path = WindowHoleViewController.swift; sourceTree = "<group>"; };
		67816A492AE26FEF00B121B6 /* GiveTtekkViewController.swift */ = {isa = PBXFileReference; lastKnownFileType = sourcecode.swift; path = GiveTtekkViewController.swift; sourceTree = "<group>"; };
		67BAECE62AFFFFC0006FB6D3 /* TigerTailHoleAnimation.json */ = {isa = PBXFileReference; fileEncoding = 4; lastKnownFileType = text.json; path = TigerTailHoleAnimation.json; sourceTree = "<group>"; };
		67BAECE72AFFFFC0006FB6D3 /* TigerNoseHoleAnimation.json */ = {isa = PBXFileReference; fileEncoding = 4; lastKnownFileType = text.json; path = TigerNoseHoleAnimation.json; sourceTree = "<group>"; };
		67BAECE82AFFFFC0006FB6D3 /* TigerHandHoleAnimation.json */ = {isa = PBXFileReference; fileEncoding = 4; lastKnownFileType = text.json; path = TigerHandHoleAnimation.json; sourceTree = "<group>"; };
		67BAECF02B000446006FB6D3 /* TigerHandHoleAnimationView.swift */ = {isa = PBXFileReference; lastKnownFileType = sourcecode.swift; path = TigerHandHoleAnimationView.swift; sourceTree = "<group>"; };
		67BAECF42B0015BF006FB6D3 /* TigerNoseHoleAnimationView.swift */ = {isa = PBXFileReference; lastKnownFileType = sourcecode.swift; path = TigerNoseHoleAnimationView.swift; sourceTree = "<group>"; };
		67BAECF62B0015F2006FB6D3 /* TigerTailHoleAnimationView.swift */ = {isa = PBXFileReference; lastKnownFileType = sourcecode.swift; path = TigerTailHoleAnimationView.swift; sourceTree = "<group>"; };
		67BAECF82B001FB0006FB6D3 /* WindowEndingViewController.swift */ = {isa = PBXFileReference; lastKnownFileType = sourcecode.swift; path = WindowEndingViewController.swift; sourceTree = "<group>"; };
		67BAECFC2B0039F8006FB6D3 /* AndConceptViewController.swift */ = {isa = PBXFileReference; lastKnownFileType = sourcecode.swift; path = AndConceptViewController.swift; sourceTree = "<group>"; };
		67D89CAA2B021AF600EC68E3 /* PermissionManager.swift */ = {isa = PBXFileReference; lastKnownFileType = sourcecode.swift; path = PermissionManager.swift; sourceTree = "<group>"; };
		67E63EFE2ADE67D000C79863 /* UIColor+.swift */ = {isa = PBXFileReference; lastKnownFileType = sourcecode.swift; path = "UIColor+.swift"; sourceTree = "<group>"; };
		A80A05322AFFCA9000624BBC /* OnboardingViewModel.swift */ = {isa = PBXFileReference; lastKnownFileType = sourcecode.swift; path = OnboardingViewModel.swift; sourceTree = "<group>"; };
		A80A05342AFFCE9C00624BBC /* MyBookShelfViewModel.swift */ = {isa = PBXFileReference; lastKnownFileType = sourcecode.swift; path = MyBookShelfViewModel.swift; sourceTree = "<group>"; };
		A80B883B2ADBA3EC00091FF5 /* .swiftlint.yml */ = {isa = PBXFileReference; lastKnownFileType = text.yaml; path = .swiftlint.yml; sourceTree = "<group>"; };
		A81637232ADFC5FD0070DAC9 /* Constants.swift */ = {isa = PBXFileReference; lastKnownFileType = sourcecode.swift; path = Constants.swift; sourceTree = "<group>"; };
		A827FA242B0DB36300E6B7B8 /* CodingdongDBService.swift */ = {isa = PBXFileReference; lastKnownFileType = sourcecode.swift; path = CodingdongDBService.swift; sourceTree = "<group>"; };
		A828A66A2AFF05DB00B11D71 /* CardView.swift */ = {isa = PBXFileReference; fileEncoding = 4; lastKnownFileType = sourcecode.swift; path = CardView.swift; sourceTree = "<group>"; };
		A833929B2ADAB35D009BA7E2 /* Codingdong-iOS.app */ = {isa = PBXFileReference; explicitFileType = wrapper.application; includeInIndex = 0; path = "Codingdong-iOS.app"; sourceTree = BUILT_PRODUCTS_DIR; };
		A833929E2ADAB35D009BA7E2 /* AppDelegate.swift */ = {isa = PBXFileReference; lastKnownFileType = sourcecode.swift; path = AppDelegate.swift; sourceTree = "<group>"; };
		A83392A02ADAB35D009BA7E2 /* SceneDelegate.swift */ = {isa = PBXFileReference; lastKnownFileType = sourcecode.swift; path = SceneDelegate.swift; sourceTree = "<group>"; };
		A83392A72ADAB35E009BA7E2 /* Assets.xcassets */ = {isa = PBXFileReference; lastKnownFileType = folder.assetcatalog; path = Assets.xcassets; sourceTree = "<group>"; };
		A83392AA2ADAB35E009BA7E2 /* Base */ = {isa = PBXFileReference; lastKnownFileType = file.storyboard; name = Base; path = Base.lproj/LaunchScreen.storyboard; sourceTree = "<group>"; };
		A83392AC2ADAB35E009BA7E2 /* Info.plist */ = {isa = PBXFileReference; lastKnownFileType = text.plist.xml; path = Info.plist; sourceTree = "<group>"; };
		A83392B12ADAB35E009BA7E2 /* Codingdong-iOSTests.xctest */ = {isa = PBXFileReference; explicitFileType = wrapper.cfbundle; includeInIndex = 0; path = "Codingdong-iOSTests.xctest"; sourceTree = BUILT_PRODUCTS_DIR; };
		A83392B52ADAB35E009BA7E2 /* Codingdong_iOSTests.swift */ = {isa = PBXFileReference; lastKnownFileType = sourcecode.swift; path = Codingdong_iOSTests.swift; sourceTree = "<group>"; };
		A83392BB2ADAB35E009BA7E2 /* Codingdong-iOSUITests.xctest */ = {isa = PBXFileReference; explicitFileType = wrapper.cfbundle; includeInIndex = 0; path = "Codingdong-iOSUITests.xctest"; sourceTree = BUILT_PRODUCTS_DIR; };
		A83392BF2ADAB35E009BA7E2 /* Codingdong_iOSUITests.swift */ = {isa = PBXFileReference; lastKnownFileType = sourcecode.swift; path = Codingdong_iOSUITests.swift; sourceTree = "<group>"; };
		A83392C12ADAB35E009BA7E2 /* Codingdong_iOSUITestsLaunchTests.swift */ = {isa = PBXFileReference; lastKnownFileType = sourcecode.swift; path = Codingdong_iOSUITestsLaunchTests.swift; sourceTree = "<group>"; };
		A852B17B2B01F90B0051BE9E /* OnuiiViewController.swift */ = {isa = PBXFileReference; lastKnownFileType = sourcecode.swift; path = OnuiiViewController.swift; sourceTree = "<group>"; };
		A8560F242B1317EF005DB691 /* Food.swift */ = {isa = PBXFileReference; lastKnownFileType = sourcecode.swift; path = Food.swift; sourceTree = "<group>"; };
		A864F00C2AE03FC3007F4012 /* ConfigUI.swift */ = {isa = PBXFileReference; lastKnownFileType = sourcecode.swift; path = ConfigUI.swift; sourceTree = "<group>"; };
		A864F0122AE041C8007F4012 /* CommonButton.swift */ = {isa = PBXFileReference; lastKnownFileType = sourcecode.swift; path = CommonButton.swift; sourceTree = "<group>"; };
		A87217C62AE212C6003C0D5C /* TtekkkochiViewController.swift */ = {isa = PBXFileReference; lastKnownFileType = sourcecode.swift; path = TtekkkochiViewController.swift; sourceTree = "<group>"; };
		A897A9742AFF6AC000008722 /* Fable.swift */ = {isa = PBXFileReference; lastKnownFileType = sourcecode.swift; path = Fable.swift; sourceTree = "<group>"; };
		A897A9762AFF6FD200008722 /* YugwaCell.swift */ = {isa = PBXFileReference; lastKnownFileType = sourcecode.swift; path = YugwaCell.swift; sourceTree = "<group>"; };
		A8A482062AE5E7EA00FDE35C /* bell.mp3 */ = {isa = PBXFileReference; lastKnownFileType = audio.mp3; path = bell.mp3; sourceTree = "<group>"; };
		A8A53A0F2B169010006DD7E3 /* CustomAlert.swift */ = {isa = PBXFileReference; lastKnownFileType = sourcecode.swift; path = CustomAlert.swift; sourceTree = "<group>"; };
		A8A725022AE55F7C004840A6 /* TtekkkochiViewModel.swift */ = {isa = PBXFileReference; lastKnownFileType = sourcecode.swift; path = TtekkkochiViewModel.swift; sourceTree = "<group>"; };
		A8A979822B0285E1006A86FB /* TeachingRepeatViewController.swift */ = {isa = PBXFileReference; lastKnownFileType = sourcecode.swift; path = TeachingRepeatViewController.swift; sourceTree = "<group>"; };
		A8B10D3D2AFAAE20009EA3F5 /* SplashViewController.swift */ = {isa = PBXFileReference; lastKnownFileType = sourcecode.swift; path = SplashViewController.swift; sourceTree = "<group>"; };
		A8B10D422AFAAE88009EA3F5 /* OnboardingViewController.swift */ = {isa = PBXFileReference; lastKnownFileType = sourcecode.swift; path = OnboardingViewController.swift; sourceTree = "<group>"; };
		A8BC0DB12AE3401800AD5C9A /* CodingBlock.swift */ = {isa = PBXFileReference; lastKnownFileType = sourcecode.swift; path = CodingBlock.swift; sourceTree = "<group>"; };
		A8BC0DB62AE3571D00AD5C9A /* TtekkkochiCollectionViewCell.swift */ = {isa = PBXFileReference; lastKnownFileType = sourcecode.swift; path = TtekkkochiCollectionViewCell.swift; sourceTree = "<group>"; };
		A8BC0DB82AE358BF00AD5C9A /* BasePaddingLabel.swift */ = {isa = PBXFileReference; lastKnownFileType = sourcecode.swift; path = BasePaddingLabel.swift; sourceTree = "<group>"; };
		A8BC0DBC2AE3855B00AD5C9A /* ko */ = {isa = PBXFileReference; lastKnownFileType = text.plist.strings; name = ko; path = ko.lproj/LaunchScreen.strings; sourceTree = "<group>"; };
		A8BC0DBD2AE38FE800AD5C9A /* TtekkkochiSelectionView.swift */ = {isa = PBXFileReference; lastKnownFileType = sourcecode.swift; path = TtekkkochiSelectionView.swift; sourceTree = "<group>"; };
		A8BE07F02B00CA7800DD7378 /* SunAndMoonIntroViewModel.swift */ = {isa = PBXFileReference; lastKnownFileType = sourcecode.swift; path = SunAndMoonIntroViewModel.swift; sourceTree = "<group>"; };
		A8BE07F22B00DBA700DD7378 /* TigerEncounterViewModel.swift */ = {isa = PBXFileReference; lastKnownFileType = sourcecode.swift; path = TigerEncounterViewModel.swift; sourceTree = "<group>"; };
		A8BE07F62B00E4E900DD7378 /* ReviewViewController.swift */ = {isa = PBXFileReference; lastKnownFileType = sourcecode.swift; path = ReviewViewController.swift; sourceTree = "<group>"; };
		A8BE07F92B00EBF100DD7378 /* ReviewCollectionViewCell.swift */ = {isa = PBXFileReference; lastKnownFileType = sourcecode.swift; path = ReviewCollectionViewCell.swift; sourceTree = "<group>"; };
		A8BE07FC2B00FECA00DD7378 /* ReviewViewModel.swift */ = {isa = PBXFileReference; lastKnownFileType = sourcecode.swift; path = ReviewViewModel.swift; sourceTree = "<group>"; };
		A8C00F7D2B01FA3500201EAD /* OnuiiViewModel.swift */ = {isa = PBXFileReference; lastKnownFileType = sourcecode.swift; path = OnuiiViewModel.swift; sourceTree = "<group>"; };
		A8C00F812B0209E000201EAD /* RepeatConceptViewController.swift */ = {isa = PBXFileReference; lastKnownFileType = sourcecode.swift; path = RepeatConceptViewController.swift; sourceTree = "<group>"; };
		A8C00F832B021A8200201EAD /* SunMoonOnuiiViewController.swift */ = {isa = PBXFileReference; lastKnownFileType = sourcecode.swift; path = SunMoonOnuiiViewController.swift; sourceTree = "<group>"; };
		A8C966EF2B011914005105E8 /* CustomCollectionViewFlowLayout.swift */ = {isa = PBXFileReference; lastKnownFileType = sourcecode.swift; path = CustomCollectionViewFlowLayout.swift; sourceTree = "<group>"; };
		A8E47CC92B03CFB6008428D4 /* RopeViewController.swift */ = {isa = PBXFileReference; lastKnownFileType = sourcecode.swift; path = RopeViewController.swift; sourceTree = "<group>"; };
		A8F41D252AE4F94400BB0260 /* SoundManager.swift */ = {isa = PBXFileReference; lastKnownFileType = sourcecode.swift; path = SoundManager.swift; sourceTree = "<group>"; };
		A8F41D2C2AE4FC4200BB0260 /* piano.wav */ = {isa = PBXFileReference; lastKnownFileType = audio.wav; path = piano.wav; sourceTree = "<group>"; };
		A8F41D2E2AE5001F00BB0260 /* HapticManager.swift */ = {isa = PBXFileReference; lastKnownFileType = sourcecode.swift; path = HapticManager.swift; sourceTree = "<group>"; };
/* End PBXFileReference section */

/* Begin PBXFrameworksBuildPhase section */
		A83392982ADAB35D009BA7E2 /* Frameworks */ = {
			isa = PBXFrameworksBuildPhase;
			buildActionMask = 2147483647;
			files = (
				A80B882A2ADB9A2400091FF5 /* RxRelay in Frameworks */,
				A80B88282ADB9A2400091FF5 /* RxCocoa in Frameworks */,
				A89384582AF9516C00F2DC77 /* Log in Frameworks */,
				A80B88252ADB99CA00091FF5 /* SnapKit in Frameworks */,
				112003D42AE5752300924FAB /* Lottie in Frameworks */,
			);
			runOnlyForDeploymentPostprocessing = 0;
		};
		A83392AE2ADAB35E009BA7E2 /* Frameworks */ = {
			isa = PBXFrameworksBuildPhase;
			buildActionMask = 2147483647;
			files = (
			);
			runOnlyForDeploymentPostprocessing = 0;
		};
		A83392B82ADAB35E009BA7E2 /* Frameworks */ = {
			isa = PBXFrameworksBuildPhase;
			buildActionMask = 2147483647;
			files = (
			);
			runOnlyForDeploymentPostprocessing = 0;
		};
/* End PBXFrameworksBuildPhase section */

/* Begin PBXGroup section */
		113B202A2B150C3C0089C61B /* CumstomAlert */ = {
			isa = PBXGroup;
			children = (
				113B202B2B150C4C0089C61B /* ViewController */,
			);
			path = CumstomAlert;
			sourceTree = "<group>";
		};
		113B202B2B150C4C0089C61B /* ViewController */ = {
			isa = PBXGroup;
			children = (
				A8A53A0F2B169010006DD7E3 /* CustomAlert.swift */,
			);
			path = ViewController;
			sourceTree = "<group>";
		};
		1143C6842AF6A1EF0032CE53 /* View */ = {
			isa = PBXGroup;
			children = (
				A897A9762AFF6FD200008722 /* YugwaCell.swift */,
				1143C6942AF6F3760032CE53 /* YugwaCollectionView.swift */,
				1143C6872AF6A31F0032CE53 /* StoryListTableView.swift */,
				1143C68B2AF6B01E0032CE53 /* StoryListTableViewCell.swift */,
			);
			path = View;
			sourceTree = "<group>";
		};
		1143C6C12AFB822E0032CE53 /* SM_Intro */ = {
			isa = PBXGroup;
			children = (
				1143C6C52AFD391E0032CE53 /* View */,
				A8BE07EF2B00CA5B00DD7378 /* ViewModel */,
				1143C6C22AFB82880032CE53 /* ViewController */,
			);
			path = SM_Intro;
			sourceTree = "<group>";
		};
		1143C6C22AFB82880032CE53 /* ViewController */ = {
			isa = PBXGroup;
			children = (
				1143C6C32AFB829F0032CE53 /* SunAndMoonIntroViewController.swift */,
				11CD0EDE2AFD56D500911B64 /* TigerEncountViewController.swift */,
			);
			path = ViewController;
			sourceTree = "<group>";
		};
		1143C6C52AFD391E0032CE53 /* View */ = {
			isa = PBXGroup;
			children = (
				11CD0EDB2AFD56B800911B64 /* TigerEncountView.swift */,
			);
			path = View;
			sourceTree = "<group>";
		};
		11504B162AE64AAA00AED5C0 /* Lottie */ = {
			isa = PBXGroup;
			children = (
				1186768D2AE664290012FAFC /* TigerAnimation_HD.json */,
				67BAECE82AFFFFC0006FB6D3 /* TigerHandHoleAnimation.json */,
				117D27852B074C5D00AF22B3 /* OnuiAnimation_Fixed.json */,
				11CB85D72B069046008BA135 /* OnuiAnimation.json */,
				67BAECE72AFFFFC0006FB6D3 /* TigerNoseHoleAnimation.json */,
				67BAECE62AFFFFC0006FB6D3 /* TigerTailHoleAnimation.json */,
			);
			path = Lottie;
			sourceTree = "<group>";
		};
		116A952C2ADF723D0096760A /* Font */ = {
			isa = PBXGroup;
			children = (
				116A952D2ADF72550096760A /* Pretendard-Black.otf */,
				116A95312ADF72560096760A /* Pretendard-Bold.otf */,
				116A95302ADF72560096760A /* Pretendard-ExtraBold.otf */,
				116A95322ADF72560096760A /* Pretendard-ExtraLight.otf */,
				116A95352ADF72560096760A /* Pretendard-Light.otf */,
				116A952F2ADF72560096760A /* Pretendard-Medium.otf */,
				116A95332ADF72560096760A /* Pretendard-Regular.otf */,
				116A952E2ADF72560096760A /* Pretendard-SemiBold.otf */,
				116A95342ADF72560096760A /* Pretendard-Thin.otf */,
			);
			path = Font;
			sourceTree = "<group>";
		};
		116A95512ADF729A0096760A /* Manager */ = {
			isa = PBXGroup;
			children = (
				116A95522ADF72AB0096760A /* FontManager.swift */,
				A8F41D252AE4F94400BB0260 /* SoundManager.swift */,
				A8F41D2E2AE5001F00BB0260 /* HapticManager.swift */,
				112003D02AE574FB00924FAB /* LottieManager.swift */,
				67D89CAA2B021AF600EC68E3 /* PermissionManager.swift */,
			);
			path = Manager;
			sourceTree = "<group>";
		};
		117D27872B0CCE8200AF22B3 /* Extension */ = {
			isa = PBXGroup;
			children = (
				117D27882B0CCE9200AF22B3 /* UIViewController+.swift */,
			);
			path = Extension;
			sourceTree = "<group>";
		};
		11CD0ED92AFD568E00911B64 /* ViewController */ = {
			isa = PBXGroup;
			children = (
				670D34D52AF4D0FD00B81A06 /* WindowStartViewController.swift */,
				672C12002AF8757E0064AA64 /* WindowHoleViewController.swift */,
				670E09A12AFCAF81008AA6D5 /* WindowVoiceViewController.swift */,
				670E09A32AFD4540008AA6D5 /* WindowVoiceChildViewController.swift */,
				67BAECF82B001FB0006FB6D3 /* WindowEndingViewController.swift */,
				67BAECFC2B0039F8006FB6D3 /* AndConceptViewController.swift */,
			);
			path = ViewController;
			sourceTree = "<group>";
		};
		11CD0EDA2AFD569900911B64 /* View */ = {
			isa = PBXGroup;
			children = (
				67BAECF02B000446006FB6D3 /* TigerHandHoleAnimationView.swift */,
				67BAECF42B0015BF006FB6D3 /* TigerNoseHoleAnimationView.swift */,
				67BAECF62B0015F2006FB6D3 /* TigerTailHoleAnimationView.swift */,
			);
			path = View;
			sourceTree = "<group>";
		};
		67E63F002ADE801200C79863 /* Colors */ = {
			isa = PBXGroup;
			children = (
				67E63EFE2ADE67D000C79863 /* UIColor+.swift */,
			);
			path = Colors;
			sourceTree = "<group>";
		};
		A80A05312AFFCA7B00624BBC /* ViewModel */ = {
			isa = PBXGroup;
			children = (
				A80A05322AFFCA9000624BBC /* OnboardingViewModel.swift */,
				A80A05342AFFCE9C00624BBC /* MyBookShelfViewModel.swift */,
			);
			path = ViewModel;
			sourceTree = "<group>";
		};
		A80B882B2ADB9A8400091FF5 /* Application */ = {
			isa = PBXGroup;
			children = (
				A83392A02ADAB35D009BA7E2 /* SceneDelegate.swift */,
				A833929E2ADAB35D009BA7E2 /* AppDelegate.swift */,
			);
			path = Application;
			sourceTree = "<group>";
		};
		A80B882C2ADB9A9800091FF5 /* Util */ = {
			isa = PBXGroup;
			children = (
				117D27872B0CCE8200AF22B3 /* Extension */,
				67E63F002ADE801200C79863 /* Colors */,
				116A95512ADF729A0096760A /* Manager */,
				A80B882D2ADB9AA000091FF5 /* Resources */,
			);
			path = Util;
			sourceTree = "<group>";
		};
		A80B882D2ADB9AA000091FF5 /* Resources */ = {
			isa = PBXGroup;
			children = (
				11504B162AE64AAA00AED5C0 /* Lottie */,
				A8F41D2B2AE4FC3900BB0260 /* Sound */,
				116A952C2ADF723D0096760A /* Font */,
				A83392A92ADAB35E009BA7E2 /* LaunchScreen.storyboard */,
				A83392AC2ADAB35E009BA7E2 /* Info.plist */,
				A83392A72ADAB35E009BA7E2 /* Assets.xcassets */,
			);
			path = Resources;
			sourceTree = "<group>";
		};
		A80B882E2ADB9ABC00091FF5 /* Presentation */ = {
			isa = PBXGroup;
			children = (
				A81637202ADFC51F0070DAC9 /* Components */,
				113B202A2B150C3C0089C61B /* CumstomAlert */,
				A8B10D3C2AFAAE10009EA3F5 /* Opening */,
				1143C6C12AFB822E0032CE53 /* SM_Intro */,
				A828A6692AFF054800B11D71 /* SM_Concept1 */,
				A828A66C2AFF06B700B11D71 /* SM_Concept2 */,
				A852B1792B01F8810051BE9E /* SM_Concept3 */,
				A8BE07F42B00E47700DD7378 /* SM_Ending */,
			);
			path = Presentation;
			sourceTree = "<group>";
		};
		A81637202ADFC51F0070DAC9 /* Components */ = {
			isa = PBXGroup;
			children = (
				A864F00C2AE03FC3007F4012 /* ConfigUI.swift */,
				A81637232ADFC5FD0070DAC9 /* Constants.swift */,
				A828A66A2AFF05DB00B11D71 /* CardView.swift */,
				A864F0122AE041C8007F4012 /* CommonButton.swift */,
				A8BC0DB82AE358BF00AD5C9A /* BasePaddingLabel.swift */,
			);
			path = Components;
			sourceTree = "<group>";
		};
		A827FA232B0DB33700E6B7B8 /* Data */ = {
			isa = PBXGroup;
			children = (
				A827FA242B0DB36300E6B7B8 /* CodingdongDBService.swift */,
			);
			path = Data;
			sourceTree = "<group>";
		};
		A828A6692AFF054800B11D71 /* SM_Concept1 */ = {
			isa = PBXGroup;
			children = (
				A8BC0DB32AE3432600AD5C9A /* View */,
				A8873CE62AE3F5A2003D2A54 /* ViewModel */,
				A87217C52AE212AA003C0D5C /* ViewController */,
			);
			path = SM_Concept1;
			sourceTree = "<group>";
		};
		A828A66C2AFF06B700B11D71 /* SM_Concept2 */ = {
			isa = PBXGroup;
			children = (
				11CD0EDA2AFD569900911B64 /* View */,
				11CD0ED92AFD568E00911B64 /* ViewController */,
			);
			path = SM_Concept2;
			sourceTree = "<group>";
		};
		A83392922ADAB35D009BA7E2 = {
			isa = PBXGroup;
			children = (
				A80B883B2ADBA3EC00091FF5 /* .swiftlint.yml */,
				A833929D2ADAB35D009BA7E2 /* Codingdong-iOS */,
				A83392B42ADAB35E009BA7E2 /* Codingdong-iOSTests */,
				A83392BE2ADAB35E009BA7E2 /* Codingdong-iOSUITests */,
				A833929C2ADAB35D009BA7E2 /* Products */,
			);
			sourceTree = "<group>";
		};
		A833929C2ADAB35D009BA7E2 /* Products */ = {
			isa = PBXGroup;
			children = (
				A833929B2ADAB35D009BA7E2 /* Codingdong-iOS.app */,
				A83392B12ADAB35E009BA7E2 /* Codingdong-iOSTests.xctest */,
				A83392BB2ADAB35E009BA7E2 /* Codingdong-iOSUITests.xctest */,
			);
			name = Products;
			sourceTree = "<group>";
		};
		A833929D2ADAB35D009BA7E2 /* Codingdong-iOS */ = {
			isa = PBXGroup;
			children = (
				A80B882B2ADB9A8400091FF5 /* Application */,
				A8BC0DB02AE33FBB00AD5C9A /* Model */,
				A827FA232B0DB33700E6B7B8 /* Data */,
				A80B882E2ADB9ABC00091FF5 /* Presentation */,
				A80B882C2ADB9A9800091FF5 /* Util */,
			);
			path = "Codingdong-iOS";
			sourceTree = "<group>";
		};
		A83392B42ADAB35E009BA7E2 /* Codingdong-iOSTests */ = {
			isa = PBXGroup;
			children = (
				A83392B52ADAB35E009BA7E2 /* Codingdong_iOSTests.swift */,
			);
			path = "Codingdong-iOSTests";
			sourceTree = "<group>";
		};
		A83392BE2ADAB35E009BA7E2 /* Codingdong-iOSUITests */ = {
			isa = PBXGroup;
			children = (
				A83392BF2ADAB35E009BA7E2 /* Codingdong_iOSUITests.swift */,
				A83392C12ADAB35E009BA7E2 /* Codingdong_iOSUITestsLaunchTests.swift */,
			);
			path = "Codingdong-iOSUITests";
			sourceTree = "<group>";
		};
		A852B1792B01F8810051BE9E /* SM_Concept3 */ = {
			isa = PBXGroup;
			children = (
				A8C00F7C2B01F9A100201EAD /* ViewModel */,
				A852B17A2B01F88E0051BE9E /* ViewController */,
			);
			path = SM_Concept3;
			sourceTree = "<group>";
		};
		A852B17A2B01F88E0051BE9E /* ViewController */ = {
			isa = PBXGroup;
			children = (
				A852B17B2B01F90B0051BE9E /* OnuiiViewController.swift */,
				A8C00F812B0209E000201EAD /* RepeatConceptViewController.swift */,
				A8C00F832B021A8200201EAD /* SunMoonOnuiiViewController.swift */,
				A8A979822B0285E1006A86FB /* TeachingRepeatViewController.swift */,
				A8E47CC92B03CFB6008428D4 /* RopeViewController.swift */,
			);
			path = ViewController;
			sourceTree = "<group>";
		};
		A87217C52AE212AA003C0D5C /* ViewController */ = {
			isa = PBXGroup;
			children = (
				112003D72AE5792600924FAB /* TigerAnimationViewController.swift */,
				67816A492AE26FEF00B121B6 /* GiveTtekkViewController.swift */,
				A87217C62AE212C6003C0D5C /* TtekkkochiViewController.swift */,
				11CD0EE62AFE031400911B64 /* IfConceptViewController.swift */,
			);
			path = ViewController;
			sourceTree = "<group>";
		};
		A8873CE62AE3F5A2003D2A54 /* ViewModel */ = {
			isa = PBXGroup;
			children = (
				A8A725022AE55F7C004840A6 /* TtekkkochiViewModel.swift */,
			);
			path = ViewModel;
			sourceTree = "<group>";
		};
		A8B10D3C2AFAAE10009EA3F5 /* Opening */ = {
			isa = PBXGroup;
			children = (
				1143C6842AF6A1EF0032CE53 /* View */,
				A80A05312AFFCA7B00624BBC /* ViewModel */,
				A8B10D412AFAAE6D009EA3F5 /* ViewController */,
			);
			path = Opening;
			sourceTree = "<group>";
		};
		A8B10D412AFAAE6D009EA3F5 /* ViewController */ = {
			isa = PBXGroup;
			children = (
				A8B10D3D2AFAAE20009EA3F5 /* SplashViewController.swift */,
				A8B10D422AFAAE88009EA3F5 /* OnboardingViewController.swift */,
				1143C6822AF4D6440032CE53 /* MyBookShelfViewController.swift */,
			);
			path = ViewController;
			sourceTree = "<group>";
		};
		A8BC0DB02AE33FBB00AD5C9A /* Model */ = {
			isa = PBXGroup;
			children = (
				A8BC0DB12AE3401800AD5C9A /* CodingBlock.swift */,
				A897A9742AFF6AC000008722 /* Fable.swift */,
				A8560F242B1317EF005DB691 /* Food.swift */,
			);
			path = Model;
			sourceTree = "<group>";
		};
		A8BC0DB32AE3432600AD5C9A /* View */ = {
			isa = PBXGroup;
			children = (
				A8BC0DB62AE3571D00AD5C9A /* TtekkkochiCollectionViewCell.swift */,
				A8BC0DBD2AE38FE800AD5C9A /* TtekkkochiSelectionView.swift */,
				11504B092AE57DE900AED5C0 /* TigerLottieAnimationVIew.swift */,
			);
			path = View;
			sourceTree = "<group>";
		};
		A8BE07EF2B00CA5B00DD7378 /* ViewModel */ = {
			isa = PBXGroup;
			children = (
				A8BE07F22B00DBA700DD7378 /* TigerEncounterViewModel.swift */,
				A8BE07F02B00CA7800DD7378 /* SunAndMoonIntroViewModel.swift */,
			);
			path = ViewModel;
			sourceTree = "<group>";
		};
		A8BE07F42B00E47700DD7378 /* SM_Ending */ = {
			isa = PBXGroup;
			children = (
				A8BE07F82B00EBB800DD7378 /* View */,
				A8BE07FB2B00FEBB00DD7378 /* ViewModel */,
				A8BE07F52B00E48300DD7378 /* ViewController */,
			);
			path = SM_Ending;
			sourceTree = "<group>";
		};
		A8BE07F52B00E48300DD7378 /* ViewController */ = {
			isa = PBXGroup;
			children = (
				A8BE07F62B00E4E900DD7378 /* ReviewViewController.swift */,
			);
			path = ViewController;
			sourceTree = "<group>";
		};
		A8BE07F82B00EBB800DD7378 /* View */ = {
			isa = PBXGroup;
			children = (
				A8BE07F92B00EBF100DD7378 /* ReviewCollectionViewCell.swift */,
				A8C966EF2B011914005105E8 /* CustomCollectionViewFlowLayout.swift */,
			);
			path = View;
			sourceTree = "<group>";
		};
		A8BE07FB2B00FEBB00DD7378 /* ViewModel */ = {
			isa = PBXGroup;
			children = (
				A8BE07FC2B00FECA00DD7378 /* ReviewViewModel.swift */,
			);
			path = ViewModel;
			sourceTree = "<group>";
		};
		A8C00F7C2B01F9A100201EAD /* ViewModel */ = {
			isa = PBXGroup;
			children = (
				A8C00F7D2B01FA3500201EAD /* OnuiiViewModel.swift */,
			);
			path = ViewModel;
			sourceTree = "<group>";
		};
		A8F41D2B2AE4FC3900BB0260 /* Sound */ = {
			isa = PBXGroup;
			children = (
				A8A482062AE5E7EA00FDE35C /* bell.mp3 */,
				A8F41D2C2AE4FC4200BB0260 /* piano.wav */,
			);
			path = Sound;
			sourceTree = "<group>";
		};
/* End PBXGroup section */

/* Begin PBXNativeTarget section */
		A833929A2ADAB35D009BA7E2 /* Codingdong-iOS */ = {
			isa = PBXNativeTarget;
			buildConfigurationList = A83392C52ADAB35E009BA7E2 /* Build configuration list for PBXNativeTarget "Codingdong-iOS" */;
			buildPhases = (
				A80B883A2ADBA38200091FF5 /* SwiftLint Script */,
				A83392972ADAB35D009BA7E2 /* Sources */,
				A83392982ADAB35D009BA7E2 /* Frameworks */,
				A83392992ADAB35D009BA7E2 /* Resources */,
			);
			buildRules = (
			);
			dependencies = (
			);
			name = "Codingdong-iOS";
			packageProductDependencies = (
				A80B88242ADB99CA00091FF5 /* SnapKit */,
				A80B88272ADB9A2400091FF5 /* RxCocoa */,
				A80B88292ADB9A2400091FF5 /* RxRelay */,
				112003D32AE5752300924FAB /* Lottie */,
				A89384572AF9516C00F2DC77 /* Log */,
			);
			productName = "Codingdong-iOS";
			productReference = A833929B2ADAB35D009BA7E2 /* Codingdong-iOS.app */;
			productType = "com.apple.product-type.application";
		};
		A83392B02ADAB35E009BA7E2 /* Codingdong-iOSTests */ = {
			isa = PBXNativeTarget;
			buildConfigurationList = A83392C82ADAB35E009BA7E2 /* Build configuration list for PBXNativeTarget "Codingdong-iOSTests" */;
			buildPhases = (
				A83392AD2ADAB35E009BA7E2 /* Sources */,
				A83392AE2ADAB35E009BA7E2 /* Frameworks */,
				A83392AF2ADAB35E009BA7E2 /* Resources */,
			);
			buildRules = (
			);
			dependencies = (
				A83392B32ADAB35E009BA7E2 /* PBXTargetDependency */,
			);
			name = "Codingdong-iOSTests";
			productName = "Codingdong-iOSTests";
			productReference = A83392B12ADAB35E009BA7E2 /* Codingdong-iOSTests.xctest */;
			productType = "com.apple.product-type.bundle.unit-test";
		};
		A83392BA2ADAB35E009BA7E2 /* Codingdong-iOSUITests */ = {
			isa = PBXNativeTarget;
			buildConfigurationList = A83392CB2ADAB35E009BA7E2 /* Build configuration list for PBXNativeTarget "Codingdong-iOSUITests" */;
			buildPhases = (
				A83392B72ADAB35E009BA7E2 /* Sources */,
				A83392B82ADAB35E009BA7E2 /* Frameworks */,
				A83392B92ADAB35E009BA7E2 /* Resources */,
			);
			buildRules = (
			);
			dependencies = (
				A83392BD2ADAB35E009BA7E2 /* PBXTargetDependency */,
			);
			name = "Codingdong-iOSUITests";
			productName = "Codingdong-iOSUITests";
			productReference = A83392BB2ADAB35E009BA7E2 /* Codingdong-iOSUITests.xctest */;
			productType = "com.apple.product-type.bundle.ui-testing";
		};
/* End PBXNativeTarget section */

/* Begin PBXProject section */
		A83392932ADAB35D009BA7E2 /* Project object */ = {
			isa = PBXProject;
			attributes = {
				BuildIndependentTargetsInParallel = 1;
				LastSwiftUpdateCheck = 1500;
				LastUpgradeCheck = 1500;
				TargetAttributes = {
					A833929A2ADAB35D009BA7E2 = {
						CreatedOnToolsVersion = 15.0;
					};
					A83392B02ADAB35E009BA7E2 = {
						CreatedOnToolsVersion = 15.0;
						TestTargetID = A833929A2ADAB35D009BA7E2;
					};
					A83392BA2ADAB35E009BA7E2 = {
						CreatedOnToolsVersion = 15.0;
						TestTargetID = A833929A2ADAB35D009BA7E2;
					};
				};
			};
			buildConfigurationList = A83392962ADAB35D009BA7E2 /* Build configuration list for PBXProject "Codingdong-iOS" */;
			compatibilityVersion = "Xcode 14.0";
			developmentRegion = ko;
			hasScannedForEncodings = 0;
			knownRegions = (
				en,
				Base,
				ko,
			);
			mainGroup = A83392922ADAB35D009BA7E2;
			packageReferences = (
				A80B88232ADB99CA00091FF5 /* XCRemoteSwiftPackageReference "SnapKit" */,
				A80B88262ADB9A2400091FF5 /* XCRemoteSwiftPackageReference "RxSwift" */,
				112003D22AE5752300924FAB /* XCRemoteSwiftPackageReference "lottie-ios" */,
				A89384562AF9516C00F2DC77 /* XCRemoteSwiftPackageReference "Log" */,
			);
			productRefGroup = A833929C2ADAB35D009BA7E2 /* Products */;
			projectDirPath = "";
			projectRoot = "";
			targets = (
				A833929A2ADAB35D009BA7E2 /* Codingdong-iOS */,
				A83392B02ADAB35E009BA7E2 /* Codingdong-iOSTests */,
				A83392BA2ADAB35E009BA7E2 /* Codingdong-iOSUITests */,
			);
		};
/* End PBXProject section */

/* Begin PBXResourcesBuildPhase section */
		A83392992ADAB35D009BA7E2 /* Resources */ = {
			isa = PBXResourcesBuildPhase;
			buildActionMask = 2147483647;
			files = (
				67BAECE92AFFFFC0006FB6D3 /* TigerTailHoleAnimation.json in Resources */,
				A8F41D2D2AE4FC4200BB0260 /* piano.wav in Resources */,
				116A95452ADF72570096760A /* Pretendard-ExtraLight.otf in Resources */,
				11CB85D82B069046008BA135 /* OnuiAnimation.json in Resources */,
				67BAECEA2AFFFFC0006FB6D3 /* TigerNoseHoleAnimation.json in Resources */,
				A80B883C2ADBA3EC00091FF5 /* .swiftlint.yml in Resources */,
				A8A482072AE5E7EB00FDE35C /* bell.mp3 in Resources */,
				1186768E2AE664290012FAFC /* TigerAnimation_HD.json in Resources */,
				67BAECEB2AFFFFC0006FB6D3 /* TigerHandHoleAnimation.json in Resources */,
				116A95422ADF72570096760A /* Pretendard-Bold.otf in Resources */,
				A83392AB2ADAB35E009BA7E2 /* LaunchScreen.storyboard in Resources */,
				116A953F2ADF72570096760A /* Pretendard-ExtraBold.otf in Resources */,
				116A954E2ADF72570096760A /* Pretendard-Light.otf in Resources */,
				116A95392ADF72570096760A /* Pretendard-SemiBold.otf in Resources */,
				116A95362ADF72570096760A /* Pretendard-Black.otf in Resources */,
				116A95482ADF72570096760A /* Pretendard-Regular.otf in Resources */,
				A83392A82ADAB35E009BA7E2 /* Assets.xcassets in Resources */,
				116A954B2ADF72570096760A /* Pretendard-Thin.otf in Resources */,
				117D27862B074C5D00AF22B3 /* OnuiAnimation_Fixed.json in Resources */,
				116A953C2ADF72570096760A /* Pretendard-Medium.otf in Resources */,
			);
			runOnlyForDeploymentPostprocessing = 0;
		};
		A83392AF2ADAB35E009BA7E2 /* Resources */ = {
			isa = PBXResourcesBuildPhase;
			buildActionMask = 2147483647;
			files = (
				116A95462ADF72570096760A /* Pretendard-ExtraLight.otf in Resources */,
				116A95372ADF72570096760A /* Pretendard-Black.otf in Resources */,
				116A95432ADF72570096760A /* Pretendard-Bold.otf in Resources */,
				116A954C2ADF72570096760A /* Pretendard-Thin.otf in Resources */,
				116A953A2ADF72570096760A /* Pretendard-SemiBold.otf in Resources */,
				116A95492ADF72570096760A /* Pretendard-Regular.otf in Resources */,
				116A95402ADF72570096760A /* Pretendard-ExtraBold.otf in Resources */,
				116A953D2ADF72570096760A /* Pretendard-Medium.otf in Resources */,
				116A954F2ADF72570096760A /* Pretendard-Light.otf in Resources */,
			);
			runOnlyForDeploymentPostprocessing = 0;
		};
		A83392B92ADAB35E009BA7E2 /* Resources */ = {
			isa = PBXResourcesBuildPhase;
			buildActionMask = 2147483647;
			files = (
				116A95472ADF72570096760A /* Pretendard-ExtraLight.otf in Resources */,
				116A95382ADF72570096760A /* Pretendard-Black.otf in Resources */,
				116A95442ADF72570096760A /* Pretendard-Bold.otf in Resources */,
				116A954D2ADF72570096760A /* Pretendard-Thin.otf in Resources */,
				116A953B2ADF72570096760A /* Pretendard-SemiBold.otf in Resources */,
				116A954A2ADF72570096760A /* Pretendard-Regular.otf in Resources */,
				116A95412ADF72570096760A /* Pretendard-ExtraBold.otf in Resources */,
				116A953E2ADF72570096760A /* Pretendard-Medium.otf in Resources */,
				116A95502ADF72570096760A /* Pretendard-Light.otf in Resources */,
			);
			runOnlyForDeploymentPostprocessing = 0;
		};
/* End PBXResourcesBuildPhase section */

/* Begin PBXShellScriptBuildPhase section */
		A80B883A2ADBA38200091FF5 /* SwiftLint Script */ = {
			isa = PBXShellScriptBuildPhase;
			alwaysOutOfDate = 1;
			buildActionMask = 2147483647;
			files = (
			);
			inputFileListPaths = (
			);
			inputPaths = (
			);
			name = "SwiftLint Script";
			outputFileListPaths = (
			);
			outputPaths = (
			);
			runOnlyForDeploymentPostprocessing = 0;
			shellPath = /bin/sh;
			shellScript = "export PATH=\"$PATH:/opt/homebrew/bin\"\nif which swiftlint >/dev/null; then\n    swiftlint\nelse\n    echo \"warning: SwiftLint not installed, download from https://github.com/realm/SwiftLint\"\nfi\n";
		};
/* End PBXShellScriptBuildPhase section */

/* Begin PBXSourcesBuildPhase section */
		A83392972ADAB35D009BA7E2 /* Sources */ = {
			isa = PBXSourcesBuildPhase;
			buildActionMask = 2147483647;
			files = (
				A8A979832B0285E1006A86FB /* TeachingRepeatViewController.swift in Sources */,
				A8BE07F72B00E4E900DD7378 /* ReviewViewController.swift in Sources */,
				1143C6832AF4D6440032CE53 /* MyBookShelfViewController.swift in Sources */,
				A864F0132AE041C8007F4012 /* CommonButton.swift in Sources */,
				1143C6952AF6F3760032CE53 /* YugwaCollectionView.swift in Sources */,
				112003D82AE5792600924FAB /* TigerAnimationViewController.swift in Sources */,
				11CD0EE72AFE031400911B64 /* IfConceptViewController.swift in Sources */,
				A8E47CCA2B03CFB6008428D4 /* RopeViewController.swift in Sources */,
				672C12012AF8757E0064AA64 /* WindowHoleViewController.swift in Sources */,
				A8A725032AE55F7C004840A6 /* TtekkkochiViewModel.swift in Sources */,
				A828A66B2AFF05DB00B11D71 /* CardView.swift in Sources */,
				A8F41D2F2AE5001F00BB0260 /* HapticManager.swift in Sources */,
				11CD0EDF2AFD56D500911B64 /* TigerEncountViewController.swift in Sources */,
				A833929F2ADAB35D009BA7E2 /* AppDelegate.swift in Sources */,
				A8560F252B1317EF005DB691 /* Food.swift in Sources */,
				A8BC0DBE2AE38FE800AD5C9A /* TtekkkochiSelectionView.swift in Sources */,
				1143C68C2AF6B01E0032CE53 /* StoryListTableViewCell.swift in Sources */,
				11504B0A2AE57DE900AED5C0 /* TigerLottieAnimationVIew.swift in Sources */,
				670D34D62AF4D0FD00B81A06 /* WindowStartViewController.swift in Sources */,
				A8BC0DB72AE3571D00AD5C9A /* TtekkkochiCollectionViewCell.swift in Sources */,
				A8F41D262AE4F94400BB0260 /* SoundManager.swift in Sources */,
				67D89CAB2B021AF600EC68E3 /* PermissionManager.swift in Sources */,
				A8B10D432AFAAE88009EA3F5 /* OnboardingViewController.swift in Sources */,
				1143C6882AF6A31F0032CE53 /* StoryListTableView.swift in Sources */,
				A80A05332AFFCA9000624BBC /* OnboardingViewModel.swift in Sources */,
				A897A9772AFF6FD200008722 /* YugwaCell.swift in Sources */,
				670E09A42AFD4540008AA6D5 /* WindowVoiceChildViewController.swift in Sources */,
				A87217C72AE212C6003C0D5C /* TtekkkochiViewController.swift in Sources */,
				A897A9752AFF6AC000008722 /* Fable.swift in Sources */,
				116A95532ADF72AB0096760A /* FontManager.swift in Sources */,
				A8BE07F32B00DBA700DD7378 /* TigerEncounterViewModel.swift in Sources */,
				A864F00D2AE03FC3007F4012 /* ConfigUI.swift in Sources */,
				670E09A22AFCAF81008AA6D5 /* WindowVoiceViewController.swift in Sources */,
				112003D12AE574FB00924FAB /* LottieManager.swift in Sources */,
				A8B10D3E2AFAAE20009EA3F5 /* SplashViewController.swift in Sources */,
				A83392A12ADAB35D009BA7E2 /* SceneDelegate.swift in Sources */,
				67BAECF72B0015F2006FB6D3 /* TigerTailHoleAnimationView.swift in Sources */,
				117D27892B0CCE9200AF22B3 /* UIViewController+.swift in Sources */,
				A8BC0DB22AE3401800AD5C9A /* CodingBlock.swift in Sources */,
				A852B17C2B01F90B0051BE9E /* OnuiiViewController.swift in Sources */,
				67BAECF52B0015BF006FB6D3 /* TigerNoseHoleAnimationView.swift in Sources */,
				67BAECF92B001FB0006FB6D3 /* WindowEndingViewController.swift in Sources */,
				A81637242ADFC5FD0070DAC9 /* Constants.swift in Sources */,
				11CD0EDC2AFD56B800911B64 /* TigerEncountView.swift in Sources */,
				1143C6C42AFB829F0032CE53 /* SunAndMoonIntroViewController.swift in Sources */,
				A8BE07F12B00CA7800DD7378 /* SunAndMoonIntroViewModel.swift in Sources */,
				A8BE07FA2B00EBF100DD7378 /* ReviewCollectionViewCell.swift in Sources */,
				A8BC0DB92AE358BF00AD5C9A /* BasePaddingLabel.swift in Sources */,
				67E63EFF2ADE67D000C79863 /* UIColor+.swift in Sources */,
				A80A05352AFFCE9C00624BBC /* MyBookShelfViewModel.swift in Sources */,
				A8C00F842B021A8200201EAD /* SunMoonOnuiiViewController.swift in Sources */,
				67816A4A2AE26FEF00B121B6 /* GiveTtekkViewController.swift in Sources */,
				A827FA252B0DB36300E6B7B8 /* CddDBService.swift in Sources */,
				A8A53A102B169010006DD7E3 /* CustomAlert.swift in Sources */,
				A8C966F02B011914005105E8 /* CustomCollectionViewFlowLayout.swift in Sources */,
				67BAECF12B000446006FB6D3 /* TigerHandHoleAnimationView.swift in Sources */,
				67816A4A2AE26FEF00B121B6 /* GiveTtekkViewController.swift in Sources */,
				A8BE07FD2B00FECA00DD7378 /* ReviewViewModel.swift in Sources */,
				67BAECFD2B0039F8006FB6D3 /* AndConceptViewController.swift in Sources */,
				A8C00F822B0209E000201EAD /* RepeatConceptViewController.swift in Sources */,
				A8C00F7E2B01FA3500201EAD /* OnuiiViewModel.swift in Sources */,
			);
			runOnlyForDeploymentPostprocessing = 0;
		};
		A83392AD2ADAB35E009BA7E2 /* Sources */ = {
			isa = PBXSourcesBuildPhase;
			buildActionMask = 2147483647;
			files = (
				116A95542ADF72AB0096760A /* FontManager.swift in Sources */,
				A83392B62ADAB35E009BA7E2 /* Codingdong_iOSTests.swift in Sources */,
			);
			runOnlyForDeploymentPostprocessing = 0;
		};
		A83392B72ADAB35E009BA7E2 /* Sources */ = {
			isa = PBXSourcesBuildPhase;
			buildActionMask = 2147483647;
			files = (
				A83392C22ADAB35E009BA7E2 /* Codingdong_iOSUITestsLaunchTests.swift in Sources */,
				116A95552ADF72AB0096760A /* FontManager.swift in Sources */,
				A83392C02ADAB35E009BA7E2 /* Codingdong_iOSUITests.swift in Sources */,
			);
			runOnlyForDeploymentPostprocessing = 0;
		};
/* End PBXSourcesBuildPhase section */

/* Begin PBXTargetDependency section */
		A83392B32ADAB35E009BA7E2 /* PBXTargetDependency */ = {
			isa = PBXTargetDependency;
			target = A833929A2ADAB35D009BA7E2 /* Codingdong-iOS */;
			targetProxy = A83392B22ADAB35E009BA7E2 /* PBXContainerItemProxy */;
		};
		A83392BD2ADAB35E009BA7E2 /* PBXTargetDependency */ = {
			isa = PBXTargetDependency;
			target = A833929A2ADAB35D009BA7E2 /* Codingdong-iOS */;
			targetProxy = A83392BC2ADAB35E009BA7E2 /* PBXContainerItemProxy */;
		};
/* End PBXTargetDependency section */

/* Begin PBXVariantGroup section */
		A83392A92ADAB35E009BA7E2 /* LaunchScreen.storyboard */ = {
			isa = PBXVariantGroup;
			children = (
				A83392AA2ADAB35E009BA7E2 /* Base */,
				A8BC0DBC2AE3855B00AD5C9A /* ko */,
			);
			name = LaunchScreen.storyboard;
			sourceTree = "<group>";
		};
/* End PBXVariantGroup section */

/* Begin XCBuildConfiguration section */
		A83392C32ADAB35E009BA7E2 /* Debug */ = {
			isa = XCBuildConfiguration;
			buildSettings = {
				ALWAYS_SEARCH_USER_PATHS = NO;
				ASSETCATALOG_COMPILER_GENERATE_SWIFT_ASSET_SYMBOL_EXTENSIONS = YES;
				CLANG_ANALYZER_LOCALIZABILITY_NONLOCALIZED = YES;
				CLANG_ANALYZER_NONNULL = YES;
				CLANG_ANALYZER_NUMBER_OBJECT_CONVERSION = YES_AGGRESSIVE;
				CLANG_CXX_LANGUAGE_STANDARD = "gnu++20";
				CLANG_ENABLE_MODULES = YES;
				CLANG_ENABLE_OBJC_ARC = YES;
				CLANG_ENABLE_OBJC_WEAK = YES;
				CLANG_WARN_BLOCK_CAPTURE_AUTORELEASING = YES;
				CLANG_WARN_BOOL_CONVERSION = YES;
				CLANG_WARN_COMMA = YES;
				CLANG_WARN_CONSTANT_CONVERSION = YES;
				CLANG_WARN_DEPRECATED_OBJC_IMPLEMENTATIONS = YES;
				CLANG_WARN_DIRECT_OBJC_ISA_USAGE = YES_ERROR;
				CLANG_WARN_DOCUMENTATION_COMMENTS = YES;
				CLANG_WARN_EMPTY_BODY = YES;
				CLANG_WARN_ENUM_CONVERSION = YES;
				CLANG_WARN_INFINITE_RECURSION = YES;
				CLANG_WARN_INT_CONVERSION = YES;
				CLANG_WARN_NON_LITERAL_NULL_CONVERSION = YES;
				CLANG_WARN_OBJC_IMPLICIT_RETAIN_SELF = YES;
				CLANG_WARN_OBJC_LITERAL_CONVERSION = YES;
				CLANG_WARN_OBJC_ROOT_CLASS = YES_ERROR;
				CLANG_WARN_QUOTED_INCLUDE_IN_FRAMEWORK_HEADER = YES;
				CLANG_WARN_RANGE_LOOP_ANALYSIS = YES;
				CLANG_WARN_STRICT_PROTOTYPES = YES;
				CLANG_WARN_SUSPICIOUS_MOVE = YES;
				CLANG_WARN_UNGUARDED_AVAILABILITY = YES_AGGRESSIVE;
				CLANG_WARN_UNREACHABLE_CODE = YES;
				CLANG_WARN__DUPLICATE_METHOD_MATCH = YES;
				COPY_PHASE_STRIP = NO;
				DEBUG_INFORMATION_FORMAT = dwarf;
				ENABLE_STRICT_OBJC_MSGSEND = YES;
				ENABLE_TESTABILITY = YES;
				ENABLE_USER_SCRIPT_SANDBOXING = YES;
				GCC_C_LANGUAGE_STANDARD = gnu17;
				GCC_DYNAMIC_NO_PIC = NO;
				GCC_NO_COMMON_BLOCKS = YES;
				GCC_OPTIMIZATION_LEVEL = 0;
				GCC_PREPROCESSOR_DEFINITIONS = (
					"DEBUG=1",
					"$(inherited)",
				);
				GCC_WARN_64_TO_32_BIT_CONVERSION = YES;
				GCC_WARN_ABOUT_RETURN_TYPE = YES_ERROR;
				GCC_WARN_UNDECLARED_SELECTOR = YES;
				GCC_WARN_UNINITIALIZED_AUTOS = YES_AGGRESSIVE;
				GCC_WARN_UNUSED_FUNCTION = YES;
				GCC_WARN_UNUSED_VARIABLE = YES;
				INFOPLIST_KEY_CFBundleDisplayName = "";
				IPHONEOS_DEPLOYMENT_TARGET = 17.0;
				LOCALIZATION_PREFERS_STRING_CATALOGS = YES;
				MTL_ENABLE_DEBUG_INFO = INCLUDE_SOURCE;
				MTL_FAST_MATH = YES;
				ONLY_ACTIVE_ARCH = YES;
				SDKROOT = iphoneos;
				SWIFT_ACTIVE_COMPILATION_CONDITIONS = "DEBUG $(inherited)";
				SWIFT_OPTIMIZATION_LEVEL = "-Onone";
			};
			name = Debug;
		};
		A83392C42ADAB35E009BA7E2 /* Release */ = {
			isa = XCBuildConfiguration;
			buildSettings = {
				ALWAYS_SEARCH_USER_PATHS = NO;
				ASSETCATALOG_COMPILER_GENERATE_SWIFT_ASSET_SYMBOL_EXTENSIONS = YES;
				CLANG_ANALYZER_LOCALIZABILITY_NONLOCALIZED = YES;
				CLANG_ANALYZER_NONNULL = YES;
				CLANG_ANALYZER_NUMBER_OBJECT_CONVERSION = YES_AGGRESSIVE;
				CLANG_CXX_LANGUAGE_STANDARD = "gnu++20";
				CLANG_ENABLE_MODULES = YES;
				CLANG_ENABLE_OBJC_ARC = YES;
				CLANG_ENABLE_OBJC_WEAK = YES;
				CLANG_WARN_BLOCK_CAPTURE_AUTORELEASING = YES;
				CLANG_WARN_BOOL_CONVERSION = YES;
				CLANG_WARN_COMMA = YES;
				CLANG_WARN_CONSTANT_CONVERSION = YES;
				CLANG_WARN_DEPRECATED_OBJC_IMPLEMENTATIONS = YES;
				CLANG_WARN_DIRECT_OBJC_ISA_USAGE = YES_ERROR;
				CLANG_WARN_DOCUMENTATION_COMMENTS = YES;
				CLANG_WARN_EMPTY_BODY = YES;
				CLANG_WARN_ENUM_CONVERSION = YES;
				CLANG_WARN_INFINITE_RECURSION = YES;
				CLANG_WARN_INT_CONVERSION = YES;
				CLANG_WARN_NON_LITERAL_NULL_CONVERSION = YES;
				CLANG_WARN_OBJC_IMPLICIT_RETAIN_SELF = YES;
				CLANG_WARN_OBJC_LITERAL_CONVERSION = YES;
				CLANG_WARN_OBJC_ROOT_CLASS = YES_ERROR;
				CLANG_WARN_QUOTED_INCLUDE_IN_FRAMEWORK_HEADER = YES;
				CLANG_WARN_RANGE_LOOP_ANALYSIS = YES;
				CLANG_WARN_STRICT_PROTOTYPES = YES;
				CLANG_WARN_SUSPICIOUS_MOVE = YES;
				CLANG_WARN_UNGUARDED_AVAILABILITY = YES_AGGRESSIVE;
				CLANG_WARN_UNREACHABLE_CODE = YES;
				CLANG_WARN__DUPLICATE_METHOD_MATCH = YES;
				COPY_PHASE_STRIP = NO;
				DEBUG_INFORMATION_FORMAT = "dwarf-with-dsym";
				ENABLE_NS_ASSERTIONS = NO;
				ENABLE_STRICT_OBJC_MSGSEND = YES;
				ENABLE_USER_SCRIPT_SANDBOXING = YES;
				GCC_C_LANGUAGE_STANDARD = gnu17;
				GCC_NO_COMMON_BLOCKS = YES;
				GCC_WARN_64_TO_32_BIT_CONVERSION = YES;
				GCC_WARN_ABOUT_RETURN_TYPE = YES_ERROR;
				GCC_WARN_UNDECLARED_SELECTOR = YES;
				GCC_WARN_UNINITIALIZED_AUTOS = YES_AGGRESSIVE;
				GCC_WARN_UNUSED_FUNCTION = YES;
				GCC_WARN_UNUSED_VARIABLE = YES;
				INFOPLIST_KEY_CFBundleDisplayName = "";
				IPHONEOS_DEPLOYMENT_TARGET = 17.0;
				LOCALIZATION_PREFERS_STRING_CATALOGS = YES;
				MTL_ENABLE_DEBUG_INFO = NO;
				MTL_FAST_MATH = YES;
				SDKROOT = iphoneos;
				SWIFT_COMPILATION_MODE = wholemodule;
				VALIDATE_PRODUCT = YES;
			};
			name = Release;
		};
		A83392C62ADAB35E009BA7E2 /* Debug */ = {
			isa = XCBuildConfiguration;
			buildSettings = {
				ASSETCATALOG_COMPILER_APPICON_NAME = AppIcon;
				ASSETCATALOG_COMPILER_GLOBAL_ACCENT_COLOR_NAME = AccentColor;
				CODE_SIGN_STYLE = Automatic;
				CURRENT_PROJECT_VERSION = 7;
				DEVELOPMENT_TEAM = XGHDQG66U5;
				ENABLE_USER_SCRIPT_SANDBOXING = NO;
				GENERATE_INFOPLIST_FILE = YES;
				INFOPLIST_FILE = "Codingdong-iOS/Util/Resources/Info.plist";
				INFOPLIST_KEY_CFBundleDisplayName = "코딩동";
				INFOPLIST_KEY_NSMicrophoneUsageDescription = "음성인식을 위한 마이크 사용 권한";
				INFOPLIST_KEY_NSSpeechRecognitionUsageDescription = Codongdong;
				INFOPLIST_KEY_UIApplicationSupportsIndirectInputEvents = YES;
				INFOPLIST_KEY_UILaunchStoryboardName = LaunchScreen;
				INFOPLIST_KEY_UISupportedInterfaceOrientations = UIInterfaceOrientationPortrait;
				INFOPLIST_KEY_UISupportedInterfaceOrientations_iPad = "UIInterfaceOrientationLandscapeLeft UIInterfaceOrientationLandscapeRight UIInterfaceOrientationPortrait UIInterfaceOrientationPortraitUpsideDown";
				IPHONEOS_DEPLOYMENT_TARGET = 17.0;
				LD_RUNPATH_SEARCH_PATHS = (
					"$(inherited)",
					"@executable_path/Frameworks",
				);
				MARKETING_VERSION = 1.0.0;
				PRODUCT_BUNDLE_IDENTIFIER = com.combine.CodingDong;
				PRODUCT_NAME = "$(TARGET_NAME)";
				SUPPORTED_PLATFORMS = "iphoneos iphonesimulator";
				SUPPORTS_MACCATALYST = NO;
				SWIFT_EMIT_LOC_STRINGS = YES;
				SWIFT_VERSION = 5.0;
				TARGETED_DEVICE_FAMILY = 1;
			};
			name = Debug;
		};
		A83392C72ADAB35E009BA7E2 /* Release */ = {
			isa = XCBuildConfiguration;
			buildSettings = {
				ASSETCATALOG_COMPILER_APPICON_NAME = AppIcon;
				ASSETCATALOG_COMPILER_GLOBAL_ACCENT_COLOR_NAME = AccentColor;
				CODE_SIGN_STYLE = Automatic;
				CURRENT_PROJECT_VERSION = 7;
				DEVELOPMENT_TEAM = XGHDQG66U5;
				ENABLE_USER_SCRIPT_SANDBOXING = NO;
				GENERATE_INFOPLIST_FILE = YES;
				INFOPLIST_FILE = "Codingdong-iOS/Util/Resources/Info.plist";
				INFOPLIST_KEY_CFBundleDisplayName = "코딩동";
				INFOPLIST_KEY_NSMicrophoneUsageDescription = "음성인식을 위한 마이크 사용 권한";
				INFOPLIST_KEY_NSSpeechRecognitionUsageDescription = Codongdong;
				INFOPLIST_KEY_UIApplicationSupportsIndirectInputEvents = YES;
				INFOPLIST_KEY_UILaunchStoryboardName = LaunchScreen;
				INFOPLIST_KEY_UISupportedInterfaceOrientations = UIInterfaceOrientationPortrait;
				INFOPLIST_KEY_UISupportedInterfaceOrientations_iPad = "UIInterfaceOrientationLandscapeLeft UIInterfaceOrientationLandscapeRight UIInterfaceOrientationPortrait UIInterfaceOrientationPortraitUpsideDown";
				IPHONEOS_DEPLOYMENT_TARGET = 17.0;
				LD_RUNPATH_SEARCH_PATHS = (
					"$(inherited)",
					"@executable_path/Frameworks",
				);
				MARKETING_VERSION = 1.0.0;
				PRODUCT_BUNDLE_IDENTIFIER = com.combine.CodingDong;
				PRODUCT_NAME = "$(TARGET_NAME)";
				SUPPORTED_PLATFORMS = "iphoneos iphonesimulator";
				SUPPORTS_MACCATALYST = NO;
				SWIFT_EMIT_LOC_STRINGS = YES;
				SWIFT_VERSION = 5.0;
				TARGETED_DEVICE_FAMILY = 1;
			};
			name = Release;
		};
		A83392C92ADAB35E009BA7E2 /* Debug */ = {
			isa = XCBuildConfiguration;
			buildSettings = {
				ALWAYS_EMBED_SWIFT_STANDARD_LIBRARIES = YES;
				BUNDLE_LOADER = "$(TEST_HOST)";
				CODE_SIGN_STYLE = Automatic;
				CURRENT_PROJECT_VERSION = 1;
				DEVELOPMENT_TEAM = XGHDQG66U5;
				GENERATE_INFOPLIST_FILE = YES;
				IPHONEOS_DEPLOYMENT_TARGET = 17.0;
				MARKETING_VERSION = 1.0;
				PRODUCT_BUNDLE_IDENTIFIER = "com.combine.Codingdong-iOSTests";
				PRODUCT_NAME = "$(TARGET_NAME)";
				SWIFT_EMIT_LOC_STRINGS = NO;
				SWIFT_VERSION = 5.0;
				TARGETED_DEVICE_FAMILY = "1,2";
				TEST_HOST = "$(BUILT_PRODUCTS_DIR)/Codingdong-iOS.app/$(BUNDLE_EXECUTABLE_FOLDER_PATH)/Codingdong-iOS";
			};
			name = Debug;
		};
		A83392CA2ADAB35E009BA7E2 /* Release */ = {
			isa = XCBuildConfiguration;
			buildSettings = {
				ALWAYS_EMBED_SWIFT_STANDARD_LIBRARIES = YES;
				BUNDLE_LOADER = "$(TEST_HOST)";
				CODE_SIGN_STYLE = Automatic;
				CURRENT_PROJECT_VERSION = 1;
				DEVELOPMENT_TEAM = XGHDQG66U5;
				GENERATE_INFOPLIST_FILE = YES;
				IPHONEOS_DEPLOYMENT_TARGET = 17.0;
				MARKETING_VERSION = 1.0;
				PRODUCT_BUNDLE_IDENTIFIER = "com.combine.Codingdong-iOSTests";
				PRODUCT_NAME = "$(TARGET_NAME)";
				SWIFT_EMIT_LOC_STRINGS = NO;
				SWIFT_VERSION = 5.0;
				TARGETED_DEVICE_FAMILY = "1,2";
				TEST_HOST = "$(BUILT_PRODUCTS_DIR)/Codingdong-iOS.app/$(BUNDLE_EXECUTABLE_FOLDER_PATH)/Codingdong-iOS";
			};
			name = Release;
		};
		A83392CC2ADAB35E009BA7E2 /* Debug */ = {
			isa = XCBuildConfiguration;
			buildSettings = {
				ALWAYS_EMBED_SWIFT_STANDARD_LIBRARIES = YES;
				CODE_SIGN_STYLE = Automatic;
				CURRENT_PROJECT_VERSION = 1;
				DEVELOPMENT_TEAM = XGHDQG66U5;
				GENERATE_INFOPLIST_FILE = YES;
				MARKETING_VERSION = 1.0;
				PRODUCT_BUNDLE_IDENTIFIER = "com.combine.Codingdong-iOSUITests";
				PRODUCT_NAME = "$(TARGET_NAME)";
				SWIFT_EMIT_LOC_STRINGS = NO;
				SWIFT_VERSION = 5.0;
				TARGETED_DEVICE_FAMILY = "1,2";
				TEST_TARGET_NAME = "Codingdong-iOS";
			};
			name = Debug;
		};
		A83392CD2ADAB35E009BA7E2 /* Release */ = {
			isa = XCBuildConfiguration;
			buildSettings = {
				ALWAYS_EMBED_SWIFT_STANDARD_LIBRARIES = YES;
				CODE_SIGN_STYLE = Automatic;
				CURRENT_PROJECT_VERSION = 1;
				DEVELOPMENT_TEAM = XGHDQG66U5;
				GENERATE_INFOPLIST_FILE = YES;
				MARKETING_VERSION = 1.0;
				PRODUCT_BUNDLE_IDENTIFIER = "com.combine.Codingdong-iOSUITests";
				PRODUCT_NAME = "$(TARGET_NAME)";
				SWIFT_EMIT_LOC_STRINGS = NO;
				SWIFT_VERSION = 5.0;
				TARGETED_DEVICE_FAMILY = "1,2";
				TEST_TARGET_NAME = "Codingdong-iOS";
			};
			name = Release;
		};
/* End XCBuildConfiguration section */

/* Begin XCConfigurationList section */
		A83392962ADAB35D009BA7E2 /* Build configuration list for PBXProject "Codingdong-iOS" */ = {
			isa = XCConfigurationList;
			buildConfigurations = (
				A83392C32ADAB35E009BA7E2 /* Debug */,
				A83392C42ADAB35E009BA7E2 /* Release */,
			);
			defaultConfigurationIsVisible = 0;
			defaultConfigurationName = Release;
		};
		A83392C52ADAB35E009BA7E2 /* Build configuration list for PBXNativeTarget "Codingdong-iOS" */ = {
			isa = XCConfigurationList;
			buildConfigurations = (
				A83392C62ADAB35E009BA7E2 /* Debug */,
				A83392C72ADAB35E009BA7E2 /* Release */,
			);
			defaultConfigurationIsVisible = 0;
			defaultConfigurationName = Release;
		};
		A83392C82ADAB35E009BA7E2 /* Build configuration list for PBXNativeTarget "Codingdong-iOSTests" */ = {
			isa = XCConfigurationList;
			buildConfigurations = (
				A83392C92ADAB35E009BA7E2 /* Debug */,
				A83392CA2ADAB35E009BA7E2 /* Release */,
			);
			defaultConfigurationIsVisible = 0;
			defaultConfigurationName = Release;
		};
		A83392CB2ADAB35E009BA7E2 /* Build configuration list for PBXNativeTarget "Codingdong-iOSUITests" */ = {
			isa = XCConfigurationList;
			buildConfigurations = (
				A83392CC2ADAB35E009BA7E2 /* Debug */,
				A83392CD2ADAB35E009BA7E2 /* Release */,
			);
			defaultConfigurationIsVisible = 0;
			defaultConfigurationName = Release;
		};
/* End XCConfigurationList section */

/* Begin XCRemoteSwiftPackageReference section */
		112003D22AE5752300924FAB /* XCRemoteSwiftPackageReference "lottie-ios" */ = {
			isa = XCRemoteSwiftPackageReference;
			repositoryURL = "https://github.com/airbnb/lottie-ios";
			requirement = {
				kind = upToNextMajorVersion;
				minimumVersion = 4.3.3;
			};
		};
		A80B88232ADB99CA00091FF5 /* XCRemoteSwiftPackageReference "SnapKit" */ = {
			isa = XCRemoteSwiftPackageReference;
			repositoryURL = "https://github.com/SnapKit/SnapKit.git";
			requirement = {
				kind = upToNextMajorVersion;
				minimumVersion = 5.6.0;
			};
		};
		A80B88262ADB9A2400091FF5 /* XCRemoteSwiftPackageReference "RxSwift" */ = {
			isa = XCRemoteSwiftPackageReference;
			repositoryURL = "https://github.com/ReactiveX/RxSwift";
			requirement = {
				kind = upToNextMajorVersion;
				minimumVersion = 6.6.0;
			};
		};
		A89384562AF9516C00F2DC77 /* XCRemoteSwiftPackageReference "Log" */ = {
			isa = XCRemoteSwiftPackageReference;
			repositoryURL = "https://github.com/JYPjoy/Log.git";
			requirement = {
				branch = main;
				kind = branch;
			};
		};
/* End XCRemoteSwiftPackageReference section */

/* Begin XCSwiftPackageProductDependency section */
		112003D32AE5752300924FAB /* Lottie */ = {
			isa = XCSwiftPackageProductDependency;
			package = 112003D22AE5752300924FAB /* XCRemoteSwiftPackageReference "lottie-ios" */;
			productName = Lottie;
		};
		A80B88242ADB99CA00091FF5 /* SnapKit */ = {
			isa = XCSwiftPackageProductDependency;
			package = A80B88232ADB99CA00091FF5 /* XCRemoteSwiftPackageReference "SnapKit" */;
			productName = SnapKit;
		};
		A80B88272ADB9A2400091FF5 /* RxCocoa */ = {
			isa = XCSwiftPackageProductDependency;
			package = A80B88262ADB9A2400091FF5 /* XCRemoteSwiftPackageReference "RxSwift" */;
			productName = RxCocoa;
		};
		A80B88292ADB9A2400091FF5 /* RxRelay */ = {
			isa = XCSwiftPackageProductDependency;
			package = A80B88262ADB9A2400091FF5 /* XCRemoteSwiftPackageReference "RxSwift" */;
			productName = RxRelay;
		};
		A89384572AF9516C00F2DC77 /* Log */ = {
			isa = XCSwiftPackageProductDependency;
			package = A89384562AF9516C00F2DC77 /* XCRemoteSwiftPackageReference "Log" */;
			productName = Log;
		};
/* End XCSwiftPackageProductDependency section */
	};
	rootObject = A83392932ADAB35D009BA7E2 /* Project object */;
}
